// !$*UTF8*$!
{
	archiveVersion = 1;
	classes = {
	};
	objectVersion = 45;
	objects = {

/* Begin PBXBuildFile section */
		1D3623260D0F684500981E51 /* SporadicM24AppDelegate.mm in Sources */ = {isa = PBXBuildFile; fileRef = 1D3623250D0F684500981E51 /* SporadicM24AppDelegate.mm */; };
		1D60589F0D05DD5A006BFB54 /* Foundation.framework in Frameworks */ = {isa = PBXBuildFile; fileRef = 1D30AB110D05D00D00671497 /* Foundation.framework */; };
		1DF5F4E00D08C38300B7A737 /* UIKit.framework in Frameworks */ = {isa = PBXBuildFile; fileRef = 1DF5F4DF0D08C38300B7A737 /* UIKit.framework */; };
		288765FD0DF74451002DB57D /* CoreGraphics.framework in Frameworks */ = {isa = PBXBuildFile; fileRef = 288765FC0DF74451002DB57D /* CoreGraphics.framework */; };
		8C14A0CD0EFC501600EB1BEF /* PreferencesView.mm in Sources */ = {isa = PBXBuildFile; fileRef = 8C14A0CA0EFC501600EB1BEF /* PreferencesView.mm */; };
		8C14A0CE0EFC501600EB1BEF /* PreferencesViewController.mm in Sources */ = {isa = PBXBuildFile; fileRef = 8C14A0CC0EFC501600EB1BEF /* PreferencesViewController.mm */; };
		8C1D2C910F24760E00C49C07 /* OKCancelAlertView.mm in Sources */ = {isa = PBXBuildFile; fileRef = 8C1D2C900F24760E00C49C07 /* OKCancelAlertView.mm */; };
		8C21B30E0F21B69A00FD4AE8 /* success.caf in Resources */ = {isa = PBXBuildFile; fileRef = 8C21B30D0F21B69A00FD4AE8 /* success.caf */; };
		8C25F6B00F204994002DE5C4 /* CoreFoundation.framework in Frameworks */ = {isa = PBXBuildFile; fileRef = 8C25F6AF0F204994002DE5C4 /* CoreFoundation.framework */; };
		8C338C0A0F01FFC30086B860 /* SporadicM24Icon_Prerendered.png in Resources */ = {isa = PBXBuildFile; fileRef = 8C338C090F01FFC30086B860 /* SporadicM24Icon_Prerendered.png */; };
		8C48E6FC0F3BEB1B00790098 /* applause.caf in Resources */ = {isa = PBXBuildFile; fileRef = 8C48E6FB0F3BEB1B00790098 /* applause.caf */; };
		8C722FA00F66B7AB00C29079 /* main.mm in Sources */ = {isa = PBXBuildFile; fileRef = 8C722F9F0F66B7AB00C29079 /* main.mm */; };
		8C89C2080F141AEA004147B4 /* QuartzCore.framework in Frameworks */ = {isa = PBXBuildFile; fileRef = 8C89C2070F141AEA004147B4 /* QuartzCore.framework */; };
		8CA13DF90F61B2260009DFA9 /* permutation in Resources */ = {isa = PBXBuildFile; fileRef = 8CA13DF50F61B2260009DFA9 /* permutation */; };
		8CA13F450F61B3250009DFA9 /* buttons.html in Resources */ = {isa = PBXBuildFile; fileRef = 8CA13E9F0F61B3250009DFA9 /* buttons.html */; };
		8CA13F460F61B3250009DFA9 /* combo_buttons.html in Resources */ = {isa = PBXBuildFile; fileRef = 8CA13EA00F61B3250009DFA9 /* combo_buttons.html */; };
		8CA13F470F61B3250009DFA9 /* error.html in Resources */ = {isa = PBXBuildFile; fileRef = 8CA13EA10F61B3250009DFA9 /* error.html */; };
		8CA13F480F61B3250009DFA9 /* hints.html in Resources */ = {isa = PBXBuildFile; fileRef = 8CA13EA20F61B3250009DFA9 /* hints.html */; };
		8CA13F6C0F61B3250009DFA9 /* index.html in Resources */ = {isa = PBXBuildFile; fileRef = 8CA13EC70F61B3250009DFA9 /* index.html */; };
		8CA13F6E0F61B3250009DFA9 /* moves_and_steps.html in Resources */ = {isa = PBXBuildFile; fileRef = 8CA13EC90F61B3250009DFA9 /* moves_and_steps.html */; };
		8CA13F770F61B3250009DFA9 /* m24.cc in Sources */ = {isa = PBXBuildFile; fileRef = 8CA13ED30F61B3250009DFA9 /* m24.cc */; };
		8CA13FB40F61B4950009DFA9 /* Images in Resources */ = {isa = PBXBuildFile; fileRef = 8CA13F8F0F61B4950009DFA9 /* Images */; };
		8CA8305A0F09E84C00E2CD27 /* home.caf in Resources */ = {isa = PBXBuildFile; fileRef = 8CA830570F09E84C00E2CD27 /* home.caf */; };
		8CA8305B0F09E84C00E2CD27 /* restart.caf in Resources */ = {isa = PBXBuildFile; fileRef = 8CA830580F09E84C00E2CD27 /* restart.caf */; };
		8CA8305C0F09E84C00E2CD27 /* shake.caf in Resources */ = {isa = PBXBuildFile; fileRef = 8CA830590F09E84C00E2CD27 /* shake.caf */; };
		8CA8D5E50EEEE45E00287C1B /* AudioToolbox.framework in Frameworks */ = {isa = PBXBuildFile; fileRef = 8CA8D5E40EEEE45E00287C1B /* AudioToolbox.framework */; };
		8CB4AFF00F66474E009E968A /* view.cc in Sources */ = {isa = PBXBuildFile; fileRef = 8CB4AFED0F66474E009E968A /* view.cc */; };
		8CB4B03E0F6647B0009E968A /* DualActionButton.m in Sources */ = {isa = PBXBuildFile; fileRef = 8CB4AFFB0F6647B0009E968A /* DualActionButton.m */; };
		8CB4B03F0F6647B0009E968A /* SimpleButton.m in Sources */ = {isa = PBXBuildFile; fileRef = 8CB4AFFE0F6647B0009E968A /* SimpleButton.m */; };
		8CB4B0400F6647B0009E968A /* DualActionButtonAlternate.png in Resources */ = {isa = PBXBuildFile; fileRef = 8CB4B0020F6647B0009E968A /* DualActionButtonAlternate.png */; };
		8CB4B0410F6647B0009E968A /* fakebarbutton666699.png in Resources */ = {isa = PBXBuildFile; fileRef = 8CB4B0030F6647B0009E968A /* fakebarbutton666699.png */; };
		8CB4B0420F6647B0009E968A /* fakebarbutton666699dark.png in Resources */ = {isa = PBXBuildFile; fileRef = 8CB4B0040F6647B0009E968A /* fakebarbutton666699dark.png */; };
		8CB4B0430F6647B0009E968A /* faketoolbar666699.png in Resources */ = {isa = PBXBuildFile; fileRef = 8CB4B0050F6647B0009E968A /* faketoolbar666699.png */; };
		8CB4B0440F6647B0009E968A /* faketoolbar666699.xcf in Resources */ = {isa = PBXBuildFile; fileRef = 8CB4B0060F6647B0009E968A /* faketoolbar666699.xcf */; };
		8CB4B0450F6647B0009E968A /* RoundButtonHighlighted.xcf in Resources */ = {isa = PBXBuildFile; fileRef = 8CB4B0070F6647B0009E968A /* RoundButtonHighlighted.xcf */; };
		8CB4B0460F6647B0009E968A /* roundButtonNormal.xcf in Resources */ = {isa = PBXBuildFile; fileRef = 8CB4B0080F6647B0009E968A /* roundButtonNormal.xcf */; };
		8CB4B0470F6647B0009E968A /* roundButtonNormalfirsttry.xcf in Resources */ = {isa = PBXBuildFile; fileRef = 8CB4B0090F6647B0009E968A /* roundButtonNormalfirsttry.xcf */; };
		8CB4B0480F6647B0009E968A /* roundButtonNormals.xcf in Resources */ = {isa = PBXBuildFile; fileRef = 8CB4B00A0F6647B0009E968A /* roundButtonNormals.xcf */; };
		8CB4B0490F6647B0009E968A /* roundButtonNormalsecondtry.xcf in Resources */ = {isa = PBXBuildFile; fileRef = 8CB4B00B0F6647B0009E968A /* roundButtonNormalsecondtry.xcf */; };
		8CB4B04A0F6647B0009E968A /* SimpleBluishButtonNormal.png in Resources */ = {isa = PBXBuildFile; fileRef = 8CB4B00C0F6647B0009E968A /* SimpleBluishButtonNormal.png */; };
		8CB4B04B0F6647B0009E968A /* SimpleButtonHighlighted.png in Resources */ = {isa = PBXBuildFile; fileRef = 8CB4B00D0F6647B0009E968A /* SimpleButtonHighlighted.png */; };
		8CB4B04C0F6647B0009E968A /* SimpleButtonHighlighted_new.png in Resources */ = {isa = PBXBuildFile; fileRef = 8CB4B00E0F6647B0009E968A /* SimpleButtonHighlighted_new.png */; };
		8CB4B04D0F6647B0009E968A /* SimpleButtonHighlighted_old.png in Resources */ = {isa = PBXBuildFile; fileRef = 8CB4B00F0F6647B0009E968A /* SimpleButtonHighlighted_old.png */; };
		8CB4B04E0F6647B0009E968A /* SimpleButtonNormal.png in Resources */ = {isa = PBXBuildFile; fileRef = 8CB4B0100F6647B0009E968A /* SimpleButtonNormal.png */; };
		8CB4B04F0F6647B0009E968A /* SimpleButtonNormal_old.png in Resources */ = {isa = PBXBuildFile; fileRef = 8CB4B0110F6647B0009E968A /* SimpleButtonNormal_old.png */; };
		8CB4B0500F6647B0009E968A /* SimpleButtonNormalRound.png in Resources */ = {isa = PBXBuildFile; fileRef = 8CB4B0120F6647B0009E968A /* SimpleButtonNormalRound.png */; };
		8CB4B0510F6647B0009E968A /* SimpleButtonRoundHighlighted.png in Resources */ = {isa = PBXBuildFile; fileRef = 8CB4B0130F6647B0009E968A /* SimpleButtonRoundHighlighted.png */; };
		8CB4B0520F6647B0009E968A /* SimpleDarkButtonHighlighted.png in Resources */ = {isa = PBXBuildFile; fileRef = 8CB4B0140F6647B0009E968A /* SimpleDarkButtonHighlighted.png */; };
		8CB4B0530F6647B0009E968A /* SimpleDarkButtonNormal.png in Resources */ = {isa = PBXBuildFile; fileRef = 8CB4B0150F6647B0009E968A /* SimpleDarkButtonNormal.png */; };
		8CB4B0560F6647B0009E968A /* SoundEffect.m in Sources */ = {isa = PBXBuildFile; fileRef = 8CB4B0200F6647B0009E968A /* SoundEffect.m */; };
		8CB4B05C0F6647B0009E968A /* spor_iphone_compressed.png in Resources */ = {isa = PBXBuildFile; fileRef = 8CB4B0300F6647B0009E968A /* spor_iphone_compressed.png */; };
		8CB4B05D0F6647B0009E968A /* SporadicGamesLogo.png in Resources */ = {isa = PBXBuildFile; fileRef = 8CB4B0310F6647B0009E968A /* SporadicGamesLogo.png */; };
		8CB4B0620F6647B0009E968A /* point.cc in Sources */ = {isa = PBXBuildFile; fileRef = 8CB4B0380F6647B0009E968A /* point.cc */; };
		8CB4B0630F6647B0009E968A /* rand_utils.c in Sources */ = {isa = PBXBuildFile; fileRef = 8CB4B03A0F6647B0009E968A /* rand_utils.c */; };
		8CCFB4DB0F45220100C78F94 /* ComboButton.mm in Sources */ = {isa = PBXBuildFile; fileRef = 8CCFB4D90F45220100C78F94 /* ComboButton.mm */; };
		8CCFB4DD0F45221500C78F94 /* ComboButtonDisabled.png in Resources */ = {isa = PBXBuildFile; fileRef = 8CCFB4DC0F45221500C78F94 /* ComboButtonDisabled.png */; };
		8CCFB4F30F4523E700C78F94 /* combo.caf in Resources */ = {isa = PBXBuildFile; fileRef = 8CCFB4F10F4523E700C78F94 /* combo.caf */; };
		8CCFB4F40F4523E700C78F94 /* combo_set.caf in Resources */ = {isa = PBXBuildFile; fileRef = 8CCFB4F20F4523E700C78F94 /* combo_set.caf */; };
		8CCFC4780EF6AC99001BE605 /* MainWindow.xib in Resources */ = {isa = PBXBuildFile; fileRef = 8CCFC46F0EF6AC99001BE605 /* MainWindow.xib */; };
		8CCFC47B0EF6AC99001BE605 /* swap.caf in Resources */ = {isa = PBXBuildFile; fileRef = 8CCFC4730EF6AC99001BE605 /* swap.caf */; };
		8CCFC47C0EF6AC99001BE605 /* tick.caf in Resources */ = {isa = PBXBuildFile; fileRef = 8CCFC4740EF6AC99001BE605 /* tick.caf */; };
		8CCFC47D0EF6AC99001BE605 /* tock.caf in Resources */ = {isa = PBXBuildFile; fileRef = 8CCFC4750EF6AC99001BE605 /* tock.caf */; };
		8CCFC5A00EF715CE001BE605 /* PreferencesView.xib in Resources */ = {isa = PBXBuildFile; fileRef = 8CCFC59F0EF715CE001BE605 /* PreferencesView.xib */; };
		8CCFC5DB0EF73419001BE605 /* RootViewController.mm in Sources */ = {isa = PBXBuildFile; fileRef = 8CCFC5DA0EF73419001BE605 /* RootViewController.mm */; };
		8CCFC6720EF75D26001BE605 /* SporadicM24View.mm in Sources */ = {isa = PBXBuildFile; fileRef = 8CCFC6710EF75D26001BE605 /* SporadicM24View.mm */; };
		8CCFC7140EF76843001BE605 /* SporadicM24View.xib in Resources */ = {isa = PBXBuildFile; fileRef = 8CCFC7130EF76843001BE605 /* SporadicM24View.xib */; };
		8CCFC7FA0EF77F72001BE605 /* Sporadic_Games_Logo.png in Resources */ = {isa = PBXBuildFile; fileRef = 8CCFC7F90EF77F72001BE605 /* Sporadic_Games_Logo.png */; };
		8CDD35E90F0DB2C400FFEDEA /* HelpView.mm in Sources */ = {isa = PBXBuildFile; fileRef = 8CDD35E60F0DB2C400FFEDEA /* HelpView.mm */; };
		8CDD35EA0F0DB2C400FFEDEA /* HelpViewController.mm in Sources */ = {isa = PBXBuildFile; fileRef = 8CDD35E80F0DB2C400FFEDEA /* HelpViewController.mm */; };
		8CDD35F60F0DBB8900FFEDEA /* HelpView.xib in Resources */ = {isa = PBXBuildFile; fileRef = 8CDD35F50F0DBB8900FFEDEA /* HelpView.xib */; };
		8CE277690EA505860013E8FA /* SporadicM24ViewController.mm in Sources */ = {isa = PBXBuildFile; fileRef = 8CE277680EA505860013E8FA /* SporadicM24ViewController.mm */; };
		8CEF9B910EAE49BC007B9E56 /* BallView.mm in Sources */ = {isa = PBXBuildFile; fileRef = 8CEF9B900EAE49BC007B9E56 /* BallView.mm */; };
		8CEF9F910EAFC04B007B9E56 /* GameModel.mm in Sources */ = {isa = PBXBuildFile; fileRef = 8CEF9F900EAFC04B007B9E56 /* GameModel.mm */; };
/* End PBXBuildFile section */

/* Begin PBXFileReference section */
		1D30AB110D05D00D00671497 /* Foundation.framework */ = {isa = PBXFileReference; lastKnownFileType = wrapper.framework; name = Foundation.framework; path = System/Library/Frameworks/Foundation.framework; sourceTree = SDKROOT; };
		1D3623240D0F684500981E51 /* SporadicM24AppDelegate.h */ = {isa = PBXFileReference; fileEncoding = 4; lastKnownFileType = sourcecode.c.h; name = SporadicM24AppDelegate.h; path = Classes/SporadicM24AppDelegate.h; sourceTree = "<group>"; };
		1D3623250D0F684500981E51 /* SporadicM24AppDelegate.mm */ = {isa = PBXFileReference; fileEncoding = 4; lastKnownFileType = sourcecode.cpp.objcpp; name = SporadicM24AppDelegate.mm; path = Classes/SporadicM24AppDelegate.mm; sourceTree = "<group>"; };
		1D6058910D05DD3D006BFB54 /* SporadicM24.app */ = {isa = PBXFileReference; explicitFileType = wrapper.application; includeInIndex = 0; path = SporadicM24.app; sourceTree = BUILT_PRODUCTS_DIR; };
		1DF5F4DF0D08C38300B7A737 /* UIKit.framework */ = {isa = PBXFileReference; lastKnownFileType = wrapper.framework; name = UIKit.framework; path = System/Library/Frameworks/UIKit.framework; sourceTree = SDKROOT; };
		288765FC0DF74451002DB57D /* CoreGraphics.framework */ = {isa = PBXFileReference; lastKnownFileType = wrapper.framework; name = CoreGraphics.framework; path = System/Library/Frameworks/CoreGraphics.framework; sourceTree = SDKROOT; };
		32CA4F630368D1EE00C91783 /* SporadicM24_Prefix.pch */ = {isa = PBXFileReference; fileEncoding = 4; lastKnownFileType = sourcecode.c.h; path = SporadicM24_Prefix.pch; sourceTree = "<group>"; };
		8C14A0C90EFC501600EB1BEF /* PreferencesView.h */ = {isa = PBXFileReference; fileEncoding = 4; lastKnownFileType = sourcecode.c.h; name = PreferencesView.h; path = Classes/PreferencesView.h; sourceTree = "<group>"; };
		8C14A0CA0EFC501600EB1BEF /* PreferencesView.mm */ = {isa = PBXFileReference; fileEncoding = 4; lastKnownFileType = sourcecode.cpp.objcpp; name = PreferencesView.mm; path = Classes/PreferencesView.mm; sourceTree = "<group>"; };
		8C14A0CB0EFC501600EB1BEF /* PreferencesViewController.h */ = {isa = PBXFileReference; fileEncoding = 4; lastKnownFileType = sourcecode.c.h; name = PreferencesViewController.h; path = Classes/PreferencesViewController.h; sourceTree = "<group>"; };
		8C14A0CC0EFC501600EB1BEF /* PreferencesViewController.mm */ = {isa = PBXFileReference; fileEncoding = 4; lastKnownFileType = sourcecode.cpp.objcpp; name = PreferencesViewController.mm; path = Classes/PreferencesViewController.mm; sourceTree = "<group>"; };
		8C1D2C8F0F24760E00C49C07 /* OKCancelAlertView.h */ = {isa = PBXFileReference; fileEncoding = 4; lastKnownFileType = sourcecode.c.h; path = OKCancelAlertView.h; sourceTree = "<group>"; };
		8C1D2C900F24760E00C49C07 /* OKCancelAlertView.mm */ = {isa = PBXFileReference; fileEncoding = 4; lastKnownFileType = sourcecode.cpp.objcpp; path = OKCancelAlertView.mm; sourceTree = "<group>"; };
		8C21B30D0F21B69A00FD4AE8 /* success.caf */ = {isa = PBXFileReference; lastKnownFileType = file; path = success.caf; sourceTree = "<group>"; };
		8C25F6AF0F204994002DE5C4 /* CoreFoundation.framework */ = {isa = PBXFileReference; lastKnownFileType = wrapper.framework; name = CoreFoundation.framework; path = System/Library/Frameworks/CoreFoundation.framework; sourceTree = SDKROOT; };
		8C338C090F01FFC30086B860 /* SporadicM24Icon_Prerendered.png */ = {isa = PBXFileReference; lastKnownFileType = image.png; path = SporadicM24Icon_Prerendered.png; sourceTree = "<group>"; };
		8C48E6FB0F3BEB1B00790098 /* applause.caf */ = {isa = PBXFileReference; lastKnownFileType = file; path = applause.caf; sourceTree = "<group>"; };
		8C4D1FCA0F66D7830034CE4D /* Constants.h */ = {isa = PBXFileReference; fileEncoding = 4; lastKnownFileType = sourcecode.c.h; path = Constants.h; sourceTree = "<group>"; };
		8C4D1FD20F66E01B0034CE4D /* M24Constants.h */ = {isa = PBXFileReference; fileEncoding = 4; lastKnownFileType = sourcecode.c.h; path = M24Constants.h; sourceTree = SOURCE_ROOT; };
		8C722F9F0F66B7AB00C29079 /* main.mm */ = {isa = PBXFileReference; fileEncoding = 4; lastKnownFileType = sourcecode.cpp.objcpp; path = main.mm; sourceTree = "<group>"; };
		8C89C2070F141AEA004147B4 /* QuartzCore.framework */ = {isa = PBXFileReference; lastKnownFileType = wrapper.framework; name = QuartzCore.framework; path = System/Library/Frameworks/QuartzCore.framework; sourceTree = SDKROOT; };
		8CA13DF50F61B2260009DFA9 /* permutation */ = {isa = PBXFileReference; explicitFileType = sourcecode.cpp.h; fileEncoding = 4; path = permutation; sourceTree = "<group>"; };
		8CA13E8D0F61B3250009DFA9 /* mathieu.h */ = {isa = PBXFileReference; fileEncoding = 4; lastKnownFileType = sourcecode.c.h; path = mathieu.h; sourceTree = "<group>"; };
		8CA13E9F0F61B3250009DFA9 /* buttons.html */ = {isa = PBXFileReference; fileEncoding = 4; lastKnownFileType = text.html.documentation; path = buttons.html; sourceTree = "<group>"; };
		8CA13EA00F61B3250009DFA9 /* combo_buttons.html */ = {isa = PBXFileReference; fileEncoding = 4; lastKnownFileType = text.html.documentation; path = combo_buttons.html; sourceTree = "<group>"; };
		8CA13EA10F61B3250009DFA9 /* error.html */ = {isa = PBXFileReference; fileEncoding = 4; lastKnownFileType = text.html.documentation; path = error.html; sourceTree = "<group>"; };
		8CA13EA20F61B3250009DFA9 /* hints.html */ = {isa = PBXFileReference; fileEncoding = 4; lastKnownFileType = text.html.documentation; path = hints.html; sourceTree = "<group>"; };
		8CA13EC70F61B3250009DFA9 /* index.html */ = {isa = PBXFileReference; fileEncoding = 4; lastKnownFileType = text.html.documentation; path = index.html; sourceTree = "<group>"; };
		8CA13EC90F61B3250009DFA9 /* moves_and_steps.html */ = {isa = PBXFileReference; fileEncoding = 4; lastKnownFileType = text.html.documentation; path = moves_and_steps.html; sourceTree = "<group>"; };
		8CA13ED30F61B3250009DFA9 /* m24.cc */ = {isa = PBXFileReference; fileEncoding = 4; lastKnownFileType = sourcecode.cpp.cpp; path = m24.cc; sourceTree = "<group>"; };
		8CA13ED40F61B3250009DFA9 /* m24.h */ = {isa = PBXFileReference; fileEncoding = 4; lastKnownFileType = sourcecode.c.h; path = m24.h; sourceTree = "<group>"; };
		8CA13F8F0F61B4950009DFA9 /* Images */ = {isa = PBXFileReference; lastKnownFileType = folder; path = Images; sourceTree = "<group>"; };
		8CA830570F09E84C00E2CD27 /* home.caf */ = {isa = PBXFileReference; lastKnownFileType = file; path = home.caf; sourceTree = "<group>"; };
		8CA830580F09E84C00E2CD27 /* restart.caf */ = {isa = PBXFileReference; lastKnownFileType = file; path = restart.caf; sourceTree = "<group>"; };
		8CA830590F09E84C00E2CD27 /* shake.caf */ = {isa = PBXFileReference; lastKnownFileType = file; path = shake.caf; sourceTree = "<group>"; };
		8CA8D5E40EEEE45E00287C1B /* AudioToolbox.framework */ = {isa = PBXFileReference; lastKnownFileType = wrapper.framework; name = AudioToolbox.framework; path = System/Library/Frameworks/AudioToolbox.framework; sourceTree = SDKROOT; };
		8CB4AFED0F66474E009E968A /* view.cc */ = {isa = PBXFileReference; fileEncoding = 4; lastKnownFileType = sourcecode.cpp.cpp; path = view.cc; sourceTree = "<group>"; };
		8CB4AFEE0F66474E009E968A /* view.h */ = {isa = PBXFileReference; fileEncoding = 4; lastKnownFileType = sourcecode.c.h; path = view.h; sourceTree = "<group>"; };
		8CB4AFF90F6647B0009E968A /* CanDisableButtonProtocol.h */ = {isa = PBXFileReference; fileEncoding = 4; lastKnownFileType = sourcecode.c.h; path = CanDisableButtonProtocol.h; sourceTree = "<group>"; };
		8CB4AFFA0F6647B0009E968A /* DualActionButton.h */ = {isa = PBXFileReference; fileEncoding = 4; lastKnownFileType = sourcecode.c.h; path = DualActionButton.h; sourceTree = "<group>"; };
		8CB4AFFB0F6647B0009E968A /* DualActionButton.m */ = {isa = PBXFileReference; fileEncoding = 4; lastKnownFileType = sourcecode.c.objc; path = DualActionButton.m; sourceTree = "<group>"; };
		8CB4AFFC0F6647B0009E968A /* DualActionButtonProtocol.h */ = {isa = PBXFileReference; fileEncoding = 4; lastKnownFileType = sourcecode.c.h; path = DualActionButtonProtocol.h; sourceTree = "<group>"; };
		8CB4AFFD0F6647B0009E968A /* SimpleButton.h */ = {isa = PBXFileReference; fileEncoding = 4; lastKnownFileType = sourcecode.c.h; path = SimpleButton.h; sourceTree = "<group>"; };
		8CB4AFFE0F6647B0009E968A /* SimpleButton.m */ = {isa = PBXFileReference; fileEncoding = 4; lastKnownFileType = sourcecode.c.objc; path = SimpleButton.m; sourceTree = "<group>"; };
		8CB4AFFF0F6647B0009E968A /* SimpleButtonProtocol.h */ = {isa = PBXFileReference; fileEncoding = 4; lastKnownFileType = sourcecode.c.h; path = SimpleButtonProtocol.h; sourceTree = "<group>"; };
		8CB4B0020F6647B0009E968A /* DualActionButtonAlternate.png */ = {isa = PBXFileReference; lastKnownFileType = image.png; path = DualActionButtonAlternate.png; sourceTree = "<group>"; };
		8CB4B0030F6647B0009E968A /* fakebarbutton666699.png */ = {isa = PBXFileReference; lastKnownFileType = image.png; path = fakebarbutton666699.png; sourceTree = "<group>"; };
		8CB4B0040F6647B0009E968A /* fakebarbutton666699dark.png */ = {isa = PBXFileReference; lastKnownFileType = image.png; path = fakebarbutton666699dark.png; sourceTree = "<group>"; };
		8CB4B0050F6647B0009E968A /* faketoolbar666699.png */ = {isa = PBXFileReference; lastKnownFileType = image.png; path = faketoolbar666699.png; sourceTree = "<group>"; };
		8CB4B0060F6647B0009E968A /* faketoolbar666699.xcf */ = {isa = PBXFileReference; lastKnownFileType = file; path = faketoolbar666699.xcf; sourceTree = "<group>"; };
		8CB4B0070F6647B0009E968A /* RoundButtonHighlighted.xcf */ = {isa = PBXFileReference; lastKnownFileType = file; path = RoundButtonHighlighted.xcf; sourceTree = "<group>"; };
		8CB4B0080F6647B0009E968A /* roundButtonNormal.xcf */ = {isa = PBXFileReference; lastKnownFileType = file; path = roundButtonNormal.xcf; sourceTree = "<group>"; };
		8CB4B0090F6647B0009E968A /* roundButtonNormalfirsttry.xcf */ = {isa = PBXFileReference; lastKnownFileType = file; path = roundButtonNormalfirsttry.xcf; sourceTree = "<group>"; };
		8CB4B00A0F6647B0009E968A /* roundButtonNormals.xcf */ = {isa = PBXFileReference; lastKnownFileType = file; path = roundButtonNormals.xcf; sourceTree = "<group>"; };
		8CB4B00B0F6647B0009E968A /* roundButtonNormalsecondtry.xcf */ = {isa = PBXFileReference; lastKnownFileType = file; path = roundButtonNormalsecondtry.xcf; sourceTree = "<group>"; };
		8CB4B00C0F6647B0009E968A /* SimpleBluishButtonNormal.png */ = {isa = PBXFileReference; lastKnownFileType = image.png; path = SimpleBluishButtonNormal.png; sourceTree = "<group>"; };
		8CB4B00D0F6647B0009E968A /* SimpleButtonHighlighted.png */ = {isa = PBXFileReference; lastKnownFileType = image.png; path = SimpleButtonHighlighted.png; sourceTree = "<group>"; };
		8CB4B00E0F6647B0009E968A /* SimpleButtonHighlighted_new.png */ = {isa = PBXFileReference; lastKnownFileType = image.png; path = SimpleButtonHighlighted_new.png; sourceTree = "<group>"; };
		8CB4B00F0F6647B0009E968A /* SimpleButtonHighlighted_old.png */ = {isa = PBXFileReference; lastKnownFileType = image.png; path = SimpleButtonHighlighted_old.png; sourceTree = "<group>"; };
		8CB4B0100F6647B0009E968A /* SimpleButtonNormal.png */ = {isa = PBXFileReference; lastKnownFileType = image.png; path = SimpleButtonNormal.png; sourceTree = "<group>"; };
		8CB4B0110F6647B0009E968A /* SimpleButtonNormal_old.png */ = {isa = PBXFileReference; lastKnownFileType = image.png; path = SimpleButtonNormal_old.png; sourceTree = "<group>"; };
		8CB4B0120F6647B0009E968A /* SimpleButtonNormalRound.png */ = {isa = PBXFileReference; lastKnownFileType = image.png; path = SimpleButtonNormalRound.png; sourceTree = "<group>"; };
		8CB4B0130F6647B0009E968A /* SimpleButtonRoundHighlighted.png */ = {isa = PBXFileReference; lastKnownFileType = image.png; path = SimpleButtonRoundHighlighted.png; sourceTree = "<group>"; };
		8CB4B0140F6647B0009E968A /* SimpleDarkButtonHighlighted.png */ = {isa = PBXFileReference; lastKnownFileType = image.png; path = SimpleDarkButtonHighlighted.png; sourceTree = "<group>"; };
		8CB4B0150F6647B0009E968A /* SimpleDarkButtonNormal.png */ = {isa = PBXFileReference; lastKnownFileType = image.png; path = SimpleDarkButtonNormal.png; sourceTree = "<group>"; };
		8CB4B01C0F6647B0009E968A /* iPhoneUtilities.h */ = {isa = PBXFileReference; fileEncoding = 4; lastKnownFileType = sourcecode.c.h; path = iPhoneUtilities.h; sourceTree = "<group>"; };
		8CB4B01F0F6647B0009E968A /* SoundEffect.h */ = {isa = PBXFileReference; fileEncoding = 4; lastKnownFileType = sourcecode.c.h; path = SoundEffect.h; sourceTree = "<group>"; };
		8CB4B0200F6647B0009E968A /* SoundEffect.m */ = {isa = PBXFileReference; fileEncoding = 4; lastKnownFileType = sourcecode.c.objc; path = SoundEffect.m; sourceTree = "<group>"; };
		8CB4B0300F6647B0009E968A /* spor_iphone_compressed.png */ = {isa = PBXFileReference; lastKnownFileType = image.png; path = spor_iphone_compressed.png; sourceTree = "<group>"; };
		8CB4B0310F6647B0009E968A /* SporadicGamesLogo.png */ = {isa = PBXFileReference; lastKnownFileType = image.png; path = SporadicGamesLogo.png; sourceTree = "<group>"; };
		8CB4B0380F6647B0009E968A /* point.cc */ = {isa = PBXFileReference; fileEncoding = 4; lastKnownFileType = sourcecode.cpp.cpp; path = point.cc; sourceTree = "<group>"; };
		8CB4B0390F6647B0009E968A /* point.h */ = {isa = PBXFileReference; fileEncoding = 4; lastKnownFileType = sourcecode.c.h; path = point.h; sourceTree = "<group>"; };
		8CB4B03A0F6647B0009E968A /* rand_utils.c */ = {isa = PBXFileReference; fileEncoding = 4; lastKnownFileType = sourcecode.c.c; path = rand_utils.c; sourceTree = "<group>"; };
		8CB4B03B0F6647B0009E968A /* rand_utils.h */ = {isa = PBXFileReference; fileEncoding = 4; lastKnownFileType = sourcecode.c.h; path = rand_utils.h; sourceTree = "<group>"; };
		8CB4B03D0F6647B0009E968A /* Utilities.h */ = {isa = PBXFileReference; fileEncoding = 4; lastKnownFileType = sourcecode.c.h; path = Utilities.h; sourceTree = "<group>"; };
		8CCFB4D80F45220100C78F94 /* ComboButton.h */ = {isa = PBXFileReference; fileEncoding = 4; lastKnownFileType = sourcecode.c.h; path = ComboButton.h; sourceTree = "<group>"; };
		8CCFB4D90F45220100C78F94 /* ComboButton.mm */ = {isa = PBXFileReference; fileEncoding = 4; lastKnownFileType = sourcecode.cpp.objcpp; path = ComboButton.mm; sourceTree = "<group>"; };
		8CCFB4DA0F45220100C78F94 /* ComboButtonTargetProtocol.h */ = {isa = PBXFileReference; fileEncoding = 4; lastKnownFileType = sourcecode.c.h; path = ComboButtonTargetProtocol.h; sourceTree = "<group>"; };
		8CCFB4DC0F45221500C78F94 /* ComboButtonDisabled.png */ = {isa = PBXFileReference; lastKnownFileType = image.png; path = ComboButtonDisabled.png; sourceTree = "<group>"; };
		8CCFB4F10F4523E700C78F94 /* combo.caf */ = {isa = PBXFileReference; lastKnownFileType = file; path = combo.caf; sourceTree = "<group>"; };
		8CCFB4F20F4523E700C78F94 /* combo_set.caf */ = {isa = PBXFileReference; lastKnownFileType = file; path = combo_set.caf; sourceTree = "<group>"; };
		8CCFC46F0EF6AC99001BE605 /* MainWindow.xib */ = {isa = PBXFileReference; lastKnownFileType = file.xib; path = MainWindow.xib; sourceTree = "<group>"; };
		8CCFC4730EF6AC99001BE605 /* swap.caf */ = {isa = PBXFileReference; lastKnownFileType = file; path = swap.caf; sourceTree = "<group>"; };
		8CCFC4740EF6AC99001BE605 /* tick.caf */ = {isa = PBXFileReference; lastKnownFileType = file; path = tick.caf; sourceTree = "<group>"; };
		8CCFC4750EF6AC99001BE605 /* tock.caf */ = {isa = PBXFileReference; lastKnownFileType = file; path = tock.caf; sourceTree = "<group>"; };
		8CCFC59F0EF715CE001BE605 /* PreferencesView.xib */ = {isa = PBXFileReference; lastKnownFileType = file.xib; path = PreferencesView.xib; sourceTree = "<group>"; };
		8CCFC5D90EF73419001BE605 /* RootViewController.h */ = {isa = PBXFileReference; fileEncoding = 4; lastKnownFileType = sourcecode.c.h; name = RootViewController.h; path = Classes/RootViewController.h; sourceTree = "<group>"; };
		8CCFC5DA0EF73419001BE605 /* RootViewController.mm */ = {isa = PBXFileReference; fileEncoding = 4; lastKnownFileType = sourcecode.cpp.objcpp; name = RootViewController.mm; path = Classes/RootViewController.mm; sourceTree = "<group>"; };
		8CCFC6700EF75D26001BE605 /* SporadicM24View.h */ = {isa = PBXFileReference; fileEncoding = 4; lastKnownFileType = sourcecode.c.h; path = SporadicM24View.h; sourceTree = "<group>"; };
		8CCFC6710EF75D26001BE605 /* SporadicM24View.mm */ = {isa = PBXFileReference; fileEncoding = 4; lastKnownFileType = sourcecode.cpp.objcpp; path = SporadicM24View.mm; sourceTree = "<group>"; };
		8CCFC7130EF76843001BE605 /* SporadicM24View.xib */ = {isa = PBXFileReference; lastKnownFileType = file.xib; path = SporadicM24View.xib; sourceTree = "<group>"; };
		8CCFC7F90EF77F72001BE605 /* Sporadic_Games_Logo.png */ = {isa = PBXFileReference; explicitFileType = image.png; path = Sporadic_Games_Logo.png; sourceTree = "<group>"; };
		8CDD35E50F0DB2C400FFEDEA /* HelpView.h */ = {isa = PBXFileReference; fileEncoding = 4; lastKnownFileType = sourcecode.c.h; name = HelpView.h; path = Classes/HelpView.h; sourceTree = "<group>"; };
		8CDD35E60F0DB2C400FFEDEA /* HelpView.mm */ = {isa = PBXFileReference; fileEncoding = 4; lastKnownFileType = sourcecode.cpp.objcpp; name = HelpView.mm; path = Classes/HelpView.mm; sourceTree = "<group>"; };
		8CDD35E70F0DB2C400FFEDEA /* HelpViewController.h */ = {isa = PBXFileReference; fileEncoding = 4; lastKnownFileType = sourcecode.c.h; name = HelpViewController.h; path = Classes/HelpViewController.h; sourceTree = "<group>"; };
		8CDD35E80F0DB2C400FFEDEA /* HelpViewController.mm */ = {isa = PBXFileReference; fileEncoding = 4; lastKnownFileType = sourcecode.cpp.objcpp; name = HelpViewController.mm; path = Classes/HelpViewController.mm; sourceTree = "<group>"; };
		8CDD35F50F0DBB8900FFEDEA /* HelpView.xib */ = {isa = PBXFileReference; lastKnownFileType = file.xib; path = HelpView.xib; sourceTree = "<group>"; };
		8CE277670EA505860013E8FA /* SporadicM24ViewController.h */ = {isa = PBXFileReference; fileEncoding = 4; lastKnownFileType = sourcecode.c.h; path = SporadicM24ViewController.h; sourceTree = "<group>"; };
		8CE277680EA505860013E8FA /* SporadicM24ViewController.mm */ = {isa = PBXFileReference; fileEncoding = 4; lastKnownFileType = sourcecode.cpp.objcpp; path = SporadicM24ViewController.mm; sourceTree = "<group>"; };
		8CEF9B8F0EAE49BC007B9E56 /* BallView.h */ = {isa = PBXFileReference; fileEncoding = 4; lastKnownFileType = sourcecode.c.h; path = BallView.h; sourceTree = "<group>"; };
		8CEF9B900EAE49BC007B9E56 /* BallView.mm */ = {isa = PBXFileReference; fileEncoding = 4; lastKnownFileType = sourcecode.cpp.objcpp; path = BallView.mm; sourceTree = "<group>"; };
		8CEF9F8F0EAFC04B007B9E56 /* GameModel.h */ = {isa = PBXFileReference; fileEncoding = 4; lastKnownFileType = sourcecode.c.h; path = GameModel.h; sourceTree = "<group>"; };
		8CEF9F900EAFC04B007B9E56 /* GameModel.mm */ = {isa = PBXFileReference; fileEncoding = 4; lastKnownFileType = sourcecode.cpp.objcpp; path = GameModel.mm; sourceTree = "<group>"; };
		8D1107310486CEB800E47090 /* Info.plist */ = {isa = PBXFileReference; fileEncoding = 4; lastKnownFileType = text.plist.xml; name = Info.plist; path = ../Info.plist; sourceTree = "<group>"; };
/* End PBXFileReference section */

/* Begin PBXFrameworksBuildPhase section */
		1D60588F0D05DD3D006BFB54 /* Frameworks */ = {
			isa = PBXFrameworksBuildPhase;
			buildActionMask = 2147483647;
			files = (
				1D60589F0D05DD5A006BFB54 /* Foundation.framework in Frameworks */,
				1DF5F4E00D08C38300B7A737 /* UIKit.framework in Frameworks */,
				288765FD0DF74451002DB57D /* CoreGraphics.framework in Frameworks */,
				8CA8D5E50EEEE45E00287C1B /* AudioToolbox.framework in Frameworks */,
				8C89C2080F141AEA004147B4 /* QuartzCore.framework in Frameworks */,
				8C25F6B00F204994002DE5C4 /* CoreFoundation.framework in Frameworks */,
			);
			runOnlyForDeploymentPostprocessing = 0;
		};
/* End PBXFrameworksBuildPhase section */

/* Begin PBXGroup section */
		080E96DDFE201D6D7F000001 /* SporadicM24 Side */ = {
			isa = PBXGroup;
			children = (
				8CCFB4D80F45220100C78F94 /* ComboButton.h */,
				8CCFB4D90F45220100C78F94 /* ComboButton.mm */,
				8CCFB4DA0F45220100C78F94 /* ComboButtonTargetProtocol.h */,
				8CEF9F8F0EAFC04B007B9E56 /* GameModel.h */,
				8CEF9F900EAFC04B007B9E56 /* GameModel.mm */,
				8CEF9B8F0EAE49BC007B9E56 /* BallView.h */,
				8CEF9B900EAE49BC007B9E56 /* BallView.mm */,
				8CCFC6700EF75D26001BE605 /* SporadicM24View.h */,
				8CCFC6710EF75D26001BE605 /* SporadicM24View.mm */,
				8CE277670EA505860013E8FA /* SporadicM24ViewController.h */,
				8CE277680EA505860013E8FA /* SporadicM24ViewController.mm */,
				8C1D2C8F0F24760E00C49C07 /* OKCancelAlertView.h */,
				8C1D2C900F24760E00C49C07 /* OKCancelAlertView.mm */,
			);
			name = "SporadicM24 Side";
			path = Classes;
			sourceTree = "<group>";
		};
		19C28FACFE9D520D11CA2CBB /* Products */ = {
			isa = PBXGroup;
			children = (
				1D6058910D05DD3D006BFB54 /* SporadicM24.app */,
			);
			name = Products;
			sourceTree = "<group>";
		};
		29B97314FDCFA39411CA2CEA /* CustomTemplate */ = {
			isa = PBXGroup;
			children = (
				8CB4AFF40F66477E009E968A /* Mathieu */,
				8CB4AFF50F6647B0009E968A /* Toolbox */,
				29B97323FDCFA39411CA2CEA /* Frameworks */,
				19C28FACFE9D520D11CA2CBB /* Products */,
			);
			name = CustomTemplate;
			sourceTree = "<group>";
		};
		29B97323FDCFA39411CA2CEA /* Frameworks */ = {
			isa = PBXGroup;
			children = (
				8C25F6AF0F204994002DE5C4 /* CoreFoundation.framework */,
				8C89C2070F141AEA004147B4 /* QuartzCore.framework */,
				8CA8D5E40EEEE45E00287C1B /* AudioToolbox.framework */,
				1DF5F4DF0D08C38300B7A737 /* UIKit.framework */,
				1D30AB110D05D00D00671497 /* Foundation.framework */,
				288765FC0DF74451002DB57D /* CoreGraphics.framework */,
			);
			name = Frameworks;
			sourceTree = "<group>";
		};
		8C722F9E0F66B7AB00C29079 /* Apple */ = {
			isa = PBXGroup;
			children = (
				8C4D1FD20F66E01B0034CE4D /* M24Constants.h */,
				8C4D1FCA0F66D7830034CE4D /* Constants.h */,
				8C722F9F0F66B7AB00C29079 /* main.mm */,
			);
			name = Apple;
			path = ../../Apple;
			sourceTree = SOURCE_ROOT;
		};
		8CA13DF40F61B2260009DFA9 /* Permutation */ = {
			isa = PBXGroup;
			children = (
				8CA13DF50F61B2260009DFA9 /* permutation */,
			);
			path = Permutation;
			sourceTree = "<group>";
		};
		8CA13E010F61B3250009DFA9 /* M24 */ = {
			isa = PBXGroup;
			children = (
				8CCFC46C0EF6AB8B001BE605 /* Apple */,
				8CA13E8D0F61B3250009DFA9 /* mathieu.h */,
				8CA13E9C0F61B3250009DFA9 /* PlatformIndependent */,
			);
			name = M24;
			path = ..;
			sourceTree = SOURCE_ROOT;
		};
		8CA13E9C0F61B3250009DFA9 /* PlatformIndependent */ = {
			isa = PBXGroup;
			children = (
				8CA13E9D0F61B3250009DFA9 /* Documentation */,
				8CA13ECB0F61B3250009DFA9 /* Permutation */,
			);
			path = PlatformIndependent;
			sourceTree = "<group>";
		};
		8CA13E9D0F61B3250009DFA9 /* Documentation */ = {
			isa = PBXGroup;
			children = (
				8CA13E9E0F61B3250009DFA9 /* html */,
			);
			path = Documentation;
			sourceTree = "<group>";
		};
		8CA13E9E0F61B3250009DFA9 /* html */ = {
			isa = PBXGroup;
			children = (
				8CA13F8F0F61B4950009DFA9 /* Images */,
				8CA13E9F0F61B3250009DFA9 /* buttons.html */,
				8CA13EA00F61B3250009DFA9 /* combo_buttons.html */,
				8CA13EA10F61B3250009DFA9 /* error.html */,
				8CA13EA20F61B3250009DFA9 /* hints.html */,
				8CA13EC70F61B3250009DFA9 /* index.html */,
				8CA13EC90F61B3250009DFA9 /* moves_and_steps.html */,
			);
			path = html;
			sourceTree = "<group>";
		};
		8CA13ECB0F61B3250009DFA9 /* Permutation */ = {
			isa = PBXGroup;
			children = (
				8CA13ED30F61B3250009DFA9 /* m24.cc */,
				8CA13ED40F61B3250009DFA9 /* m24.h */,
			);
			path = Permutation;
			sourceTree = "<group>";
		};
		8CB4AFE90F66474E009E968A /* PlatformIndependent */ = {
			isa = PBXGroup;
			children = (
				8CB4AFEC0F66474E009E968A /* View */,
			);
			name = PlatformIndependent;
			path = ../../PlatformIndependent;
			sourceTree = SOURCE_ROOT;
		};
		8CB4AFEC0F66474E009E968A /* View */ = {
			isa = PBXGroup;
			children = (
				8CB4AFED0F66474E009E968A /* view.cc */,
				8CB4AFEE0F66474E009E968A /* view.h */,
			);
			path = View;
			sourceTree = "<group>";
		};
		8CB4AFF40F66477E009E968A /* Mathieu */ = {
			isa = PBXGroup;
			children = (
				8C722F9E0F66B7AB00C29079 /* Apple */,
				8CB4AFE90F66474E009E968A /* PlatformIndependent */,
				8CA13E010F61B3250009DFA9 /* M24 */,
			);
			name = Mathieu;
			sourceTree = "<group>";
		};
		8CB4AFF50F6647B0009E968A /* Toolbox */ = {
			isa = PBXGroup;
			children = (
				8CB4AFF60F6647B0009E968A /* Apple */,
				8CB4B02C0F6647B0009E968A /* PlatformIndependent */,
			);
			name = Toolbox;
			path = ../../../Toolbox;
			sourceTree = SOURCE_ROOT;
		};
		8CB4AFF60F6647B0009E968A /* Apple */ = {
			isa = PBXGroup;
			children = (
				8CB4AFF70F6647B0009E968A /* Buttons */,
				8CB4B01C0F6647B0009E968A /* iPhoneUtilities.h */,
				8CB4B01D0F6647B0009E968A /* SoundEffect */,
			);
			path = Apple;
			sourceTree = "<group>";
		};
		8CB4AFF70F6647B0009E968A /* Buttons */ = {
			isa = PBXGroup;
			children = (
				8CB4AFF80F6647B0009E968A /* Classes */,
				8CB4B0000F6647B0009E968A /* Resources */,
			);
			path = Buttons;
			sourceTree = "<group>";
		};
		8CB4AFF80F6647B0009E968A /* Classes */ = {
			isa = PBXGroup;
			children = (
				8CB4AFF90F6647B0009E968A /* CanDisableButtonProtocol.h */,
				8CB4AFFA0F6647B0009E968A /* DualActionButton.h */,
				8CB4AFFB0F6647B0009E968A /* DualActionButton.m */,
				8CB4AFFC0F6647B0009E968A /* DualActionButtonProtocol.h */,
				8CB4AFFD0F6647B0009E968A /* SimpleButton.h */,
				8CB4AFFE0F6647B0009E968A /* SimpleButton.m */,
				8CB4AFFF0F6647B0009E968A /* SimpleButtonProtocol.h */,
			);
			path = Classes;
			sourceTree = "<group>";
		};
		8CB4B0000F6647B0009E968A /* Resources */ = {
			isa = PBXGroup;
			children = (
				8CB4B0010F6647B0009E968A /* Images */,
			);
			path = Resources;
			sourceTree = "<group>";
		};
		8CB4B0010F6647B0009E968A /* Images */ = {
			isa = PBXGroup;
			children = (
				8CB4B0020F6647B0009E968A /* DualActionButtonAlternate.png */,
				8CB4B0030F6647B0009E968A /* fakebarbutton666699.png */,
				8CB4B0040F6647B0009E968A /* fakebarbutton666699dark.png */,
				8CB4B0050F6647B0009E968A /* faketoolbar666699.png */,
				8CB4B0060F6647B0009E968A /* faketoolbar666699.xcf */,
				8CB4B0070F6647B0009E968A /* RoundButtonHighlighted.xcf */,
				8CB4B0080F6647B0009E968A /* roundButtonNormal.xcf */,
				8CB4B0090F6647B0009E968A /* roundButtonNormalfirsttry.xcf */,
				8CB4B00A0F6647B0009E968A /* roundButtonNormals.xcf */,
				8CB4B00B0F6647B0009E968A /* roundButtonNormalsecondtry.xcf */,
				8CB4B00C0F6647B0009E968A /* SimpleBluishButtonNormal.png */,
				8CB4B00D0F6647B0009E968A /* SimpleButtonHighlighted.png */,
				8CB4B00E0F6647B0009E968A /* SimpleButtonHighlighted_new.png */,
				8CB4B00F0F6647B0009E968A /* SimpleButtonHighlighted_old.png */,
				8CB4B0100F6647B0009E968A /* SimpleButtonNormal.png */,
				8CB4B0110F6647B0009E968A /* SimpleButtonNormal_old.png */,
				8CB4B0120F6647B0009E968A /* SimpleButtonNormalRound.png */,
				8CB4B0130F6647B0009E968A /* SimpleButtonRoundHighlighted.png */,
				8CB4B0140F6647B0009E968A /* SimpleDarkButtonHighlighted.png */,
				8CB4B0150F6647B0009E968A /* SimpleDarkButtonNormal.png */,
			);
			path = Images;
			sourceTree = "<group>";
		};
		8CB4B01D0F6647B0009E968A /* SoundEffect */ = {
			isa = PBXGroup;
			children = (
				8CB4B01E0F6647B0009E968A /* Classes */,
			);
			path = SoundEffect;
			sourceTree = "<group>";
		};
		8CB4B01E0F6647B0009E968A /* Classes */ = {
			isa = PBXGroup;
			children = (
				8CB4B01F0F6647B0009E968A /* SoundEffect.h */,
				8CB4B0200F6647B0009E968A /* SoundEffect.m */,
			);
			path = Classes;
			sourceTree = "<group>";
		};
		8CB4B02C0F6647B0009E968A /* PlatformIndependent */ = {
			isa = PBXGroup;
			children = (
				8CA13DF40F61B2260009DFA9 /* Permutation */,
				8CB4B02F0F6647B0009E968A /* Images */,
				8CB4B0380F6647B0009E968A /* point.cc */,
				8CB4B0390F6647B0009E968A /* point.h */,
				8CB4B03A0F6647B0009E968A /* rand_utils.c */,
				8CB4B03B0F6647B0009E968A /* rand_utils.h */,
				8CB4B03D0F6647B0009E968A /* Utilities.h */,
			);
			path = PlatformIndependent;
			sourceTree = "<group>";
		};
		8CB4B02F0F6647B0009E968A /* Images */ = {
			isa = PBXGroup;
			children = (
				8CB4B0300F6647B0009E968A /* spor_iphone_compressed.png */,
				8CB4B0310F6647B0009E968A /* SporadicGamesLogo.png */,
			);
			path = Images;
			sourceTree = "<group>";
		};
		8CCFC46C0EF6AB8B001BE605 /* Apple */ = {
			isa = PBXGroup;
			children = (
				32CA4F630368D1EE00C91783 /* SporadicM24_Prefix.pch */,
				8CCFC6690EF75B01001BE605 /* Application Controllers */,
				080E96DDFE201D6D7F000001 /* SporadicM24 Side */,
				8CCFC6640EF75A7B001BE605 /* Preferences Side */,
				8CDD35CE0F0DB27300FFEDEA /* Help */,
				8CCFC46D0EF6AC99001BE605 /* Resources */,
			);
			path = Apple;
			sourceTree = "<group>";
		};
		8CCFC46D0EF6AC99001BE605 /* Resources */ = {
			isa = PBXGroup;
			children = (
				8CCFC7130EF76843001BE605 /* SporadicM24View.xib */,
				8CCFC46F0EF6AC99001BE605 /* MainWindow.xib */,
				8CCFC59F0EF715CE001BE605 /* PreferencesView.xib */,
				8CDD35F50F0DBB8900FFEDEA /* HelpView.xib */,
				8D1107310486CEB800E47090 /* Info.plist */,
				8CCFC65F0EF759A7001BE605 /* Images */,
				8CCFC4700EF6AC99001BE605 /* Sounds */,
			);
			path = Resources;
			sourceTree = "<group>";
		};
		8CCFC4700EF6AC99001BE605 /* Sounds */ = {
			isa = PBXGroup;
			children = (
				8CCFB4F10F4523E700C78F94 /* combo.caf */,
				8CCFB4F20F4523E700C78F94 /* combo_set.caf */,
				8C48E6FB0F3BEB1B00790098 /* applause.caf */,
				8C21B30D0F21B69A00FD4AE8 /* success.caf */,
				8CA830570F09E84C00E2CD27 /* home.caf */,
				8CA830580F09E84C00E2CD27 /* restart.caf */,
				8CA830590F09E84C00E2CD27 /* shake.caf */,
				8CCFC4730EF6AC99001BE605 /* swap.caf */,
				8CCFC4740EF6AC99001BE605 /* tick.caf */,
				8CCFC4750EF6AC99001BE605 /* tock.caf */,
			);
			path = Sounds;
			sourceTree = "<group>";
		};
		8CCFC65F0EF759A7001BE605 /* Images */ = {
			isa = PBXGroup;
			children = (
				8CCFB4DC0F45221500C78F94 /* ComboButtonDisabled.png */,
				8C338C090F01FFC30086B860 /* SporadicM24Icon_Prerendered.png */,
				8CCFC7F90EF77F72001BE605 /* Sporadic_Games_Logo.png */,
			);
			path = Images;
			sourceTree = "<group>";
		};
		8CCFC6640EF75A7B001BE605 /* Preferences Side */ = {
			isa = PBXGroup;
			children = (
				8C14A0C90EFC501600EB1BEF /* PreferencesView.h */,
				8C14A0CA0EFC501600EB1BEF /* PreferencesView.mm */,
				8C14A0CB0EFC501600EB1BEF /* PreferencesViewController.h */,
				8C14A0CC0EFC501600EB1BEF /* PreferencesViewController.mm */,
			);
			name = "Preferences Side";
			sourceTree = "<group>";
		};
		8CCFC6690EF75B01001BE605 /* Application Controllers */ = {
			isa = PBXGroup;
			children = (
				1D3623240D0F684500981E51 /* SporadicM24AppDelegate.h */,
				1D3623250D0F684500981E51 /* SporadicM24AppDelegate.mm */,
				8CCFC5D90EF73419001BE605 /* RootViewController.h */,
				8CCFC5DA0EF73419001BE605 /* RootViewController.mm */,
			);
			name = "Application Controllers";
			sourceTree = "<group>";
		};
		8CDD35CE0F0DB27300FFEDEA /* Help */ = {
			isa = PBXGroup;
			children = (
				8CDD35E50F0DB2C400FFEDEA /* HelpView.h */,
				8CDD35E60F0DB2C400FFEDEA /* HelpView.mm */,
				8CDD35E70F0DB2C400FFEDEA /* HelpViewController.h */,
				8CDD35E80F0DB2C400FFEDEA /* HelpViewController.mm */,
			);
			name = Help;
			sourceTree = "<group>";
		};
/* End PBXGroup section */

/* Begin PBXNativeTarget section */
		1D6058900D05DD3D006BFB54 /* SporadicM24 */ = {
			isa = PBXNativeTarget;
			buildConfigurationList = 1D6058960D05DD3E006BFB54 /* Build configuration list for PBXNativeTarget "SporadicM24" */;
			buildPhases = (
				1D60588D0D05DD3D006BFB54 /* Resources */,
				1D60588E0D05DD3D006BFB54 /* Sources */,
				1D60588F0D05DD3D006BFB54 /* Frameworks */,
			);
			buildRules = (
			);
			dependencies = (
			);
			name = SporadicM24;
			productName = SporadicM24;
			productReference = 1D6058910D05DD3D006BFB54 /* SporadicM24.app */;
			productType = "com.apple.product-type.application";
		};
/* End PBXNativeTarget section */

/* Begin PBXProject section */
		29B97313FDCFA39411CA2CEA /* Project object */ = {
			isa = PBXProject;
			buildConfigurationList = C01FCF4E08A954540054247B /* Build configuration list for PBXProject "SporadicM24" */;
			compatibilityVersion = "Xcode 3.1";
			hasScannedForEncodings = 1;
			mainGroup = 29B97314FDCFA39411CA2CEA /* CustomTemplate */;
			projectDirPath = "";
			projectRoot = "";
			targets = (
				1D6058900D05DD3D006BFB54 /* SporadicM24 */,
			);
		};
/* End PBXProject section */

/* Begin PBXResourcesBuildPhase section */
		1D60588D0D05DD3D006BFB54 /* Resources */ = {
			isa = PBXResourcesBuildPhase;
			buildActionMask = 2147483647;
			files = (
				8CCFC4780EF6AC99001BE605 /* MainWindow.xib in Resources */,
				8CCFC7140EF76843001BE605 /* SporadicM24View.xib in Resources */,
				8CCFC5A00EF715CE001BE605 /* PreferencesView.xib in Resources */,
				8CDD35F60F0DBB8900FFEDEA /* HelpView.xib in Resources */,
				8CCFC7FA0EF77F72001BE605 /* Sporadic_Games_Logo.png in Resources */,
				8C338C0A0F01FFC30086B860 /* SporadicM24Icon_Prerendered.png in Resources */,
				8CCFC47C0EF6AC99001BE605 /* tick.caf in Resources */,
				8CCFC47D0EF6AC99001BE605 /* tock.caf in Resources */,
				8CCFC47B0EF6AC99001BE605 /* swap.caf in Resources */,
				8CA8305A0F09E84C00E2CD27 /* home.caf in Resources */,
				8CA8305B0F09E84C00E2CD27 /* restart.caf in Resources */,
				8CA8305C0F09E84C00E2CD27 /* shake.caf in Resources */,
				8C21B30E0F21B69A00FD4AE8 /* success.caf in Resources */,
				8C48E6FC0F3BEB1B00790098 /* applause.caf in Resources */,
				8CCFB4DD0F45221500C78F94 /* ComboButtonDisabled.png in Resources */,
				8CCFB4F30F4523E700C78F94 /* combo.caf in Resources */,
				8CCFB4F40F4523E700C78F94 /* combo_set.caf in Resources */,
				8CA13DF90F61B2260009DFA9 /* permutation in Resources */,
				8CA13F450F61B3250009DFA9 /* buttons.html in Resources */,
				8CA13F460F61B3250009DFA9 /* combo_buttons.html in Resources */,
				8CA13F470F61B3250009DFA9 /* error.html in Resources */,
				8CA13F480F61B3250009DFA9 /* hints.html in Resources */,
				8CA13F6C0F61B3250009DFA9 /* index.html in Resources */,
				8CA13F6E0F61B3250009DFA9 /* moves_and_steps.html in Resources */,
				8CA13FB40F61B4950009DFA9 /* Images in Resources */,
				8CB4B0400F6647B0009E968A /* DualActionButtonAlternate.png in Resources */,
				8CB4B0410F6647B0009E968A /* fakebarbutton666699.png in Resources */,
				8CB4B0420F6647B0009E968A /* fakebarbutton666699dark.png in Resources */,
				8CB4B0430F6647B0009E968A /* faketoolbar666699.png in Resources */,
				8CB4B0440F6647B0009E968A /* faketoolbar666699.xcf in Resources */,
				8CB4B0450F6647B0009E968A /* RoundButtonHighlighted.xcf in Resources */,
				8CB4B0460F6647B0009E968A /* roundButtonNormal.xcf in Resources */,
				8CB4B0470F6647B0009E968A /* roundButtonNormalfirsttry.xcf in Resources */,
				8CB4B0480F6647B0009E968A /* roundButtonNormals.xcf in Resources */,
				8CB4B0490F6647B0009E968A /* roundButtonNormalsecondtry.xcf in Resources */,
				8CB4B04A0F6647B0009E968A /* SimpleBluishButtonNormal.png in Resources */,
				8CB4B04B0F6647B0009E968A /* SimpleButtonHighlighted.png in Resources */,
				8CB4B04C0F6647B0009E968A /* SimpleButtonHighlighted_new.png in Resources */,
				8CB4B04D0F6647B0009E968A /* SimpleButtonHighlighted_old.png in Resources */,
				8CB4B04E0F6647B0009E968A /* SimpleButtonNormal.png in Resources */,
				8CB4B04F0F6647B0009E968A /* SimpleButtonNormal_old.png in Resources */,
				8CB4B0500F6647B0009E968A /* SimpleButtonNormalRound.png in Resources */,
				8CB4B0510F6647B0009E968A /* SimpleButtonRoundHighlighted.png in Resources */,
				8CB4B0520F6647B0009E968A /* SimpleDarkButtonHighlighted.png in Resources */,
				8CB4B0530F6647B0009E968A /* SimpleDarkButtonNormal.png in Resources */,
				8CB4B05C0F6647B0009E968A /* spor_iphone_compressed.png in Resources */,
				8CB4B05D0F6647B0009E968A /* SporadicGamesLogo.png in Resources */,
			);
			runOnlyForDeploymentPostprocessing = 0;
		};
/* End PBXResourcesBuildPhase section */

/* Begin PBXSourcesBuildPhase section */
		1D60588E0D05DD3D006BFB54 /* Sources */ = {
			isa = PBXSourcesBuildPhase;
			buildActionMask = 2147483647;
			files = (
				1D3623260D0F684500981E51 /* SporadicM24AppDelegate.mm in Sources */,
				8CE277690EA505860013E8FA /* SporadicM24ViewController.mm in Sources */,
				8CEF9B910EAE49BC007B9E56 /* BallView.mm in Sources */,
				8CEF9F910EAFC04B007B9E56 /* GameModel.mm in Sources */,
				8CCFC5DB0EF73419001BE605 /* RootViewController.mm in Sources */,
				8CCFC6720EF75D26001BE605 /* SporadicM24View.mm in Sources */,
				8C14A0CD0EFC501600EB1BEF /* PreferencesView.mm in Sources */,
				8C14A0CE0EFC501600EB1BEF /* PreferencesViewController.mm in Sources */,
				8CDD35E90F0DB2C400FFEDEA /* HelpView.mm in Sources */,
				8CDD35EA0F0DB2C400FFEDEA /* HelpViewController.mm in Sources */,
				8C1D2C910F24760E00C49C07 /* OKCancelAlertView.mm in Sources */,
				8CCFB4DB0F45220100C78F94 /* ComboButton.mm in Sources */,
				8CA13F770F61B3250009DFA9 /* m24.cc in Sources */,
				8CB4AFF00F66474E009E968A /* view.cc in Sources */,
				8CB4B03E0F6647B0009E968A /* DualActionButton.m in Sources */,
				8CB4B03F0F6647B0009E968A /* SimpleButton.m in Sources */,
				8CB4B0560F6647B0009E968A /* SoundEffect.m in Sources */,
				8CB4B0620F6647B0009E968A /* point.cc in Sources */,
				8CB4B0630F6647B0009E968A /* rand_utils.c in Sources */,
				8C722FA00F66B7AB00C29079 /* main.mm in Sources */,
			);
			runOnlyForDeploymentPostprocessing = 0;
		};
/* End PBXSourcesBuildPhase section */

/* Begin XCBuildConfiguration section */
		1D6058940D05DD3E006BFB54 /* Debug */ = {
			isa = XCBuildConfiguration;
			buildSettings = {
				ALWAYS_SEARCH_USER_PATHS = NO;
				"CODE_SIGN_IDENTITY[sdk=iphoneos*]" = "iPhone Developer: Jacqueline Marks";
				COPY_PHASE_STRIP = NO;
				DEAD_CODE_STRIPPING = NO;
				GCC_DYNAMIC_NO_PIC = NO;
				GCC_OPTIMIZATION_LEVEL = 0;
				GCC_PRECOMPILE_PREFIX_HEADER = YES;
				GCC_PREFIX_HEADER = SporadicM24_Prefix.pch;
				HEADER_SEARCH_PATHS = "../PlatformIndependent/**";
				INFOPLIST_FILE = Info.plist;
				PRODUCT_NAME = SporadicM24;
				"PROVISIONING_PROFILE[sdk=iphoneos*]" = "21786647-75E6-4329-874F-07D1792F82C8";
			};
			name = Debug;
		};
		1D6058950D05DD3E006BFB54 /* Release */ = {
			isa = XCBuildConfiguration;
			buildSettings = {
				ALWAYS_SEARCH_USER_PATHS = NO;
				"CODE_SIGN_IDENTITY[sdk=iphoneos*]" = "iPhone Developer: Jacqueline Marks";
				COPY_PHASE_STRIP = YES;
				GCC_PRECOMPILE_PREFIX_HEADER = YES;
				GCC_PREFIX_HEADER = SporadicM24_Prefix.pch;
				HEADER_SEARCH_PATHS = "../PlatformIndependent/**";
				INFOPLIST_FILE = Info.plist;
				PRODUCT_NAME = SporadicM24;
				"PROVISIONING_PROFILE[sdk=iphoneos*]" = "21786647-75E6-4329-874F-07D1792F82C8";
			};
			name = Release;
		};
		C01FCF4F08A954540054247B /* Debug */ = {
			isa = XCBuildConfiguration;
			buildSettings = {
				ARCHS = "$(ARCHS_STANDARD_32_BIT)";
				"CODE_SIGN_IDENTITY[sdk=iphoneos*]" = "iPhone Developer: Jacqueline Marks";
				GCC_C_LANGUAGE_STANDARD = c99;
				GCC_OPTIMIZATION_LEVEL = 0;
				GCC_WARN_ABOUT_RETURN_TYPE = YES;
				GCC_WARN_UNUSED_VARIABLE = YES;
				HEADER_SEARCH_PATHS = "";
				ONLY_ACTIVE_ARCH = YES;
				PREBINDING = NO;
				"PROVISIONING_PROFILE[sdk=iphoneos*]" = "21786647-75E6-4329-874F-07D1792F82C8";
				SDKROOT = iphoneos2.0;
				USER_HEADER_SEARCH_PATHS = "~/Documents/Toolbox/**";
			};
			name = Debug;
		};
		C01FCF5008A954540054247B /* Release */ = {
			isa = XCBuildConfiguration;
			buildSettings = {
				ARCHS = "$(ARCHS_STANDARD_32_BIT)";
				"CODE_SIGN_IDENTITY[sdk=iphoneos*]" = "iPhone Developer: Jacqueline Marks";
				GCC_C_LANGUAGE_STANDARD = c99;
				GCC_OPTIMIZATION_LEVEL = 3;
				GCC_THUMB_SUPPORT = NO;
				GCC_WARN_ABOUT_RETURN_TYPE = YES;
				GCC_WARN_UNUSED_VARIABLE = YES;
				HEADER_SEARCH_PATHS = "";
				PREBINDING = NO;
				"PROVISIONING_PROFILE[sdk=iphoneos*]" = "21786647-75E6-4329-874F-07D1792F82C8";
				SDKROOT = iphoneos2.0;
				USER_HEADER_SEARCH_PATHS = "~/Documents/Toolbox/**";
			};
			name = Release;
		};
/* End XCBuildConfiguration section */

/* Begin XCConfigurationList section */
		1D6058960D05DD3E006BFB54 /* Build configuration list for PBXNativeTarget "SporadicM24" */ = {
			isa = XCConfigurationList;
			buildConfigurations = (
				1D6058940D05DD3E006BFB54 /* Debug */,
				1D6058950D05DD3E006BFB54 /* Release */,
			);
			defaultConfigurationIsVisible = 0;
			defaultConfigurationName = Release;
		};
		C01FCF4E08A954540054247B /* Build configuration list for PBXProject "SporadicM24" */ = {
			isa = XCConfigurationList;
			buildConfigurations = (
				C01FCF4F08A954540054247B /* Debug */,
				C01FCF5008A954540054247B /* Release */,
			);
			defaultConfigurationIsVisible = 0;
			defaultConfigurationName = Release;
		};
/* End XCConfigurationList section */
	};
	rootObject = 29B97313FDCFA39411CA2CEA /* Project object */;
}
