// !$*UTF8*$!
{
	archiveVersion = 1;
	classes = {
	};
	objectVersion = 45;
	objects = {

/* Begin PBXBuildFile section */
		1D3623260D0F684500981E51 /* SporadicM12AppDelegate.mm in Sources */ = {isa = PBXBuildFile; fileRef = 1D3623250D0F684500981E51 /* SporadicM12AppDelegate.mm */; };
		1D60589F0D05DD5A006BFB54 /* Foundation.framework in Frameworks */ = {isa = PBXBuildFile; fileRef = 1D30AB110D05D00D00671497 /* Foundation.framework */; };
		1DF5F4E00D08C38300B7A737 /* UIKit.framework in Frameworks */ = {isa = PBXBuildFile; fileRef = 1DF5F4DF0D08C38300B7A737 /* UIKit.framework */; };
		288765FD0DF74451002DB57D /* CoreGraphics.framework in Frameworks */ = {isa = PBXBuildFile; fileRef = 288765FC0DF74451002DB57D /* CoreGraphics.framework */; };
		8C14A0CD0EFC501600EB1BEF /* PreferencesView.mm in Sources */ = {isa = PBXBuildFile; fileRef = 8C14A0CA0EFC501600EB1BEF /* PreferencesView.mm */; };
		8C14A0CE0EFC501600EB1BEF /* PreferencesViewController.mm in Sources */ = {isa = PBXBuildFile; fileRef = 8C14A0CC0EFC501600EB1BEF /* PreferencesViewController.mm */; };
		8C1D2C910F24760E00C49C07 /* OKCancelAlertView.mm in Sources */ = {isa = PBXBuildFile; fileRef = 8C1D2C900F24760E00C49C07 /* OKCancelAlertView.mm */; };
		8C21B30E0F21B69A00FD4AE8 /* success.caf in Resources */ = {isa = PBXBuildFile; fileRef = 8C21B30D0F21B69A00FD4AE8 /* success.caf */; };
		8C25F6B00F204994002DE5C4 /* CoreFoundation.framework in Frameworks */ = {isa = PBXBuildFile; fileRef = 8C25F6AF0F204994002DE5C4 /* CoreFoundation.framework */; };
		8C338C0A0F01FFC30086B860 /* SporadicM12Icon_Prerendered.png in Resources */ = {isa = PBXBuildFile; fileRef = 8C338C090F01FFC30086B860 /* SporadicM12Icon_Prerendered.png */; };
		8C48E6FC0F3BEB1B00790098 /* applause.caf in Resources */ = {isa = PBXBuildFile; fileRef = 8C48E6FB0F3BEB1B00790098 /* applause.caf */; };
		8C722F6E0F66B3D400C29079 /* main.mm in Sources */ = {isa = PBXBuildFile; fileRef = 8C722F6D0F66B3D400C29079 /* main.mm */; };
		8C722FC90F66D2A900C29079 /* Images in Resources */ = {isa = PBXBuildFile; fileRef = 8C722FA40F66D2A900C29079 /* Images */; };
		8C78FF730EF5B0E3001C78B5 /* point.cc in Sources */ = {isa = PBXBuildFile; fileRef = 8C78FF6B0EF5B0E3001C78B5 /* point.cc */; };
		8C78FF740EF5B0E3001C78B5 /* rand_utils.c in Sources */ = {isa = PBXBuildFile; fileRef = 8C78FF6D0EF5B0E3001C78B5 /* rand_utils.c */; };
		8C89C2080F141AEA004147B4 /* QuartzCore.framework in Frameworks */ = {isa = PBXBuildFile; fileRef = 8C89C2070F141AEA004147B4 /* QuartzCore.framework */; };
		8C9623080F17B163006F0356 /* SimpleButtonHighlighted.png in Resources */ = {isa = PBXBuildFile; fileRef = 8C9623060F17B163006F0356 /* SimpleButtonHighlighted.png */; };
		8C96230D0F17B2AB006F0356 /* SimpleButtonNormal.png in Resources */ = {isa = PBXBuildFile; fileRef = 8C96230C0F17B2AB006F0356 /* SimpleButtonNormal.png */; };
		8CA8305A0F09E84C00E2CD27 /* home.caf in Resources */ = {isa = PBXBuildFile; fileRef = 8CA830570F09E84C00E2CD27 /* home.caf */; };
		8CA8305B0F09E84C00E2CD27 /* restart.caf in Resources */ = {isa = PBXBuildFile; fileRef = 8CA830580F09E84C00E2CD27 /* restart.caf */; };
		8CA8305C0F09E84C00E2CD27 /* shake.caf in Resources */ = {isa = PBXBuildFile; fileRef = 8CA830590F09E84C00E2CD27 /* shake.caf */; };
		8CA8D5E50EEEE45E00287C1B /* AudioToolbox.framework in Frameworks */ = {isa = PBXBuildFile; fileRef = 8CA8D5E40EEEE45E00287C1B /* AudioToolbox.framework */; };
		8CB4B2BA0F664DAB009E968A /* view.cc in Sources */ = {isa = PBXBuildFile; fileRef = 8CB4B2000F664DAB009E968A /* view.cc */; };
		8CB4B4470F664DD1009E968A /* buttons.html in Resources */ = {isa = PBXBuildFile; fileRef = 8CB4B3880F664DD1009E968A /* buttons.html */; };
		8CB4B4480F664DD1009E968A /* combo_buttons.html in Resources */ = {isa = PBXBuildFile; fileRef = 8CB4B3890F664DD1009E968A /* combo_buttons.html */; };
		8CB4B4490F664DD1009E968A /* error.html in Resources */ = {isa = PBXBuildFile; fileRef = 8CB4B38A0F664DD1009E968A /* error.html */; };
		8CB4B44A0F664DD1009E968A /* hints.html in Resources */ = {isa = PBXBuildFile; fileRef = 8CB4B38B0F664DD1009E968A /* hints.html */; };
		8CB4B46E0F664DD1009E968A /* index.html in Resources */ = {isa = PBXBuildFile; fileRef = 8CB4B3B00F664DD1009E968A /* index.html */; };
		8CB4B46F0F664DD1009E968A /* index_orig.html in Resources */ = {isa = PBXBuildFile; fileRef = 8CB4B3B10F664DD1009E968A /* index_orig.html */; };
		8CB4B4700F664DD1009E968A /* moves_and_steps.html in Resources */ = {isa = PBXBuildFile; fileRef = 8CB4B3B20F664DD1009E968A /* moves_and_steps.html */; };
		8CB4B4710F664DD1009E968A /* notes in Resources */ = {isa = PBXBuildFile; fileRef = 8CB4B3B30F664DD1009E968A /* notes */; };
		8CB4B47A0F664DD1009E968A /* m12.cc in Sources */ = {isa = PBXBuildFile; fileRef = 8CB4B3BD0F664DD1009E968A /* m12.cc */; };
		8CB4B4940F664EE9009E968A /* spor_iphone_compressed.png in Resources */ = {isa = PBXBuildFile; fileRef = 8CB4B48D0F664EE9009E968A /* spor_iphone_compressed.png */; };
		8CB4B4950F664EE9009E968A /* SporadicGamesLogo.png in Resources */ = {isa = PBXBuildFile; fileRef = 8CB4B48E0F664EE9009E968A /* SporadicGamesLogo.png */; };
		8CB4B4960F664EE9009E968A /* permutation in Resources */ = {isa = PBXBuildFile; fileRef = 8CB4B4900F664EE9009E968A /* permutation */; };
		8CCFB4DB0F45220100C78F94 /* ComboButton.mm in Sources */ = {isa = PBXBuildFile; fileRef = 8CCFB4D90F45220100C78F94 /* ComboButton.mm */; };
		8CCFB4DD0F45221500C78F94 /* ComboButtonDisabled.png in Resources */ = {isa = PBXBuildFile; fileRef = 8CCFB4DC0F45221500C78F94 /* ComboButtonDisabled.png */; };
		8CCFB4F30F4523E700C78F94 /* combo.caf in Resources */ = {isa = PBXBuildFile; fileRef = 8CCFB4F10F4523E700C78F94 /* combo.caf */; };
		8CCFB4F40F4523E700C78F94 /* combo_set.caf in Resources */ = {isa = PBXBuildFile; fileRef = 8CCFB4F20F4523E700C78F94 /* combo_set.caf */; };
		8CCFC4780EF6AC99001BE605 /* MainWindow.xib in Resources */ = {isa = PBXBuildFile; fileRef = 8CCFC46F0EF6AC99001BE605 /* MainWindow.xib */; };
		8CCFC47B0EF6AC99001BE605 /* swap.caf in Resources */ = {isa = PBXBuildFile; fileRef = 8CCFC4730EF6AC99001BE605 /* swap.caf */; };
		8CCFC47C0EF6AC99001BE605 /* tick.caf in Resources */ = {isa = PBXBuildFile; fileRef = 8CCFC4740EF6AC99001BE605 /* tick.caf */; };
		8CCFC47D0EF6AC99001BE605 /* tock.caf in Resources */ = {isa = PBXBuildFile; fileRef = 8CCFC4750EF6AC99001BE605 /* tock.caf */; };
		8CCFC5A00EF715CE001BE605 /* PreferencesView.xib in Resources */ = {isa = PBXBuildFile; fileRef = 8CCFC59F0EF715CE001BE605 /* PreferencesView.xib */; };
		8CCFC5DB0EF73419001BE605 /* RootViewController.mm in Sources */ = {isa = PBXBuildFile; fileRef = 8CCFC5DA0EF73419001BE605 /* RootViewController.mm */; };
		8CCFC6720EF75D26001BE605 /* SporadicM12View.mm in Sources */ = {isa = PBXBuildFile; fileRef = 8CCFC6710EF75D26001BE605 /* SporadicM12View.mm */; };
		8CCFC7140EF76843001BE605 /* SporadicM12View.xib in Resources */ = {isa = PBXBuildFile; fileRef = 8CCFC7130EF76843001BE605 /* SporadicM12View.xib */; };
		8CCFC7FA0EF77F72001BE605 /* Sporadic_Games_Logo.png in Resources */ = {isa = PBXBuildFile; fileRef = 8CCFC7F90EF77F72001BE605 /* Sporadic_Games_Logo.png */; };
		8CD1FA940F16AAE800A589B7 /* DualActionButton.m in Sources */ = {isa = PBXBuildFile; fileRef = 8CD1FA930F16AAE800A589B7 /* DualActionButton.m */; };
		8CD1FAAB0F16AC4200A589B7 /* DualActionButtonAlternate.png in Resources */ = {isa = PBXBuildFile; fileRef = 8CD1FAA70F16AC4200A589B7 /* DualActionButtonAlternate.png */; };
		8CD1FADA0F16AF0800A589B7 /* SoundEffect.m in Sources */ = {isa = PBXBuildFile; fileRef = 8CD1FAD90F16AF0800A589B7 /* SoundEffect.m */; };
		8CD1FB100F171EFE00A589B7 /* SimpleButton.m in Sources */ = {isa = PBXBuildFile; fileRef = 8CD1FB0F0F171EFE00A589B7 /* SimpleButton.m */; };
		8CDD35E90F0DB2C400FFEDEA /* HelpView.mm in Sources */ = {isa = PBXBuildFile; fileRef = 8CDD35E60F0DB2C400FFEDEA /* HelpView.mm */; };
		8CDD35EA0F0DB2C400FFEDEA /* HelpViewController.mm in Sources */ = {isa = PBXBuildFile; fileRef = 8CDD35E80F0DB2C400FFEDEA /* HelpViewController.mm */; };
		8CDD35F60F0DBB8900FFEDEA /* HelpView.xib in Resources */ = {isa = PBXBuildFile; fileRef = 8CDD35F50F0DBB8900FFEDEA /* HelpView.xib */; };
		8CE277690EA505860013E8FA /* SporadicM12ViewController.mm in Sources */ = {isa = PBXBuildFile; fileRef = 8CE277680EA505860013E8FA /* SporadicM12ViewController.mm */; };
		8CEF9B910EAE49BC007B9E56 /* BallView.mm in Sources */ = {isa = PBXBuildFile; fileRef = 8CEF9B900EAE49BC007B9E56 /* BallView.mm */; };
		8CEF9F910EAFC04B007B9E56 /* GameModel.mm in Sources */ = {isa = PBXBuildFile; fileRef = 8CEF9F900EAFC04B007B9E56 /* GameModel.mm */; };
/* End PBXBuildFile section */

/* Begin PBXFileReference section */
		1D30AB110D05D00D00671497 /* Foundation.framework */ = {isa = PBXFileReference; lastKnownFileType = wrapper.framework; name = Foundation.framework; path = System/Library/Frameworks/Foundation.framework; sourceTree = SDKROOT; };
		1D3623240D0F684500981E51 /* SporadicM12AppDelegate.h */ = {isa = PBXFileReference; fileEncoding = 4; lastKnownFileType = sourcecode.c.h; name = SporadicM12AppDelegate.h; path = Classes/SporadicM12AppDelegate.h; sourceTree = "<group>"; };
		1D3623250D0F684500981E51 /* SporadicM12AppDelegate.mm */ = {isa = PBXFileReference; fileEncoding = 4; lastKnownFileType = sourcecode.cpp.objcpp; name = SporadicM12AppDelegate.mm; path = Classes/SporadicM12AppDelegate.mm; sourceTree = "<group>"; };
		1D6058910D05DD3D006BFB54 /* SporadicM12.app */ = {isa = PBXFileReference; explicitFileType = wrapper.application; includeInIndex = 0; path = SporadicM12.app; sourceTree = BUILT_PRODUCTS_DIR; };
		1DF5F4DF0D08C38300B7A737 /* UIKit.framework */ = {isa = PBXFileReference; lastKnownFileType = wrapper.framework; name = UIKit.framework; path = System/Library/Frameworks/UIKit.framework; sourceTree = SDKROOT; };
		288765FC0DF74451002DB57D /* CoreGraphics.framework */ = {isa = PBXFileReference; lastKnownFileType = wrapper.framework; name = CoreGraphics.framework; path = System/Library/Frameworks/CoreGraphics.framework; sourceTree = SDKROOT; };
		32CA4F630368D1EE00C91783 /* SporadicM12_Prefix.pch */ = {isa = PBXFileReference; fileEncoding = 4; lastKnownFileType = sourcecode.c.h; path = SporadicM12_Prefix.pch; sourceTree = "<group>"; };
		8C14A0C90EFC501600EB1BEF /* PreferencesView.h */ = {isa = PBXFileReference; fileEncoding = 4; lastKnownFileType = sourcecode.c.h; name = PreferencesView.h; path = Classes/PreferencesView.h; sourceTree = "<group>"; };
		8C14A0CA0EFC501600EB1BEF /* PreferencesView.mm */ = {isa = PBXFileReference; fileEncoding = 4; lastKnownFileType = sourcecode.cpp.objcpp; name = PreferencesView.mm; path = Classes/PreferencesView.mm; sourceTree = "<group>"; };
		8C14A0CB0EFC501600EB1BEF /* PreferencesViewController.h */ = {isa = PBXFileReference; fileEncoding = 4; lastKnownFileType = sourcecode.c.h; name = PreferencesViewController.h; path = Classes/PreferencesViewController.h; sourceTree = "<group>"; };
		8C14A0CC0EFC501600EB1BEF /* PreferencesViewController.mm */ = {isa = PBXFileReference; fileEncoding = 4; lastKnownFileType = sourcecode.cpp.objcpp; name = PreferencesViewController.mm; path = Classes/PreferencesViewController.mm; sourceTree = "<group>"; };
		8C1D2C8F0F24760E00C49C07 /* OKCancelAlertView.h */ = {isa = PBXFileReference; fileEncoding = 4; lastKnownFileType = sourcecode.c.h; path = OKCancelAlertView.h; sourceTree = "<group>"; };
		8C1D2C900F24760E00C49C07 /* OKCancelAlertView.mm */ = {isa = PBXFileReference; fileEncoding = 4; lastKnownFileType = sourcecode.cpp.objcpp; path = OKCancelAlertView.mm; sourceTree = "<group>"; };
		8C21B30D0F21B69A00FD4AE8 /* success.caf */ = {isa = PBXFileReference; lastKnownFileType = file; path = success.caf; sourceTree = "<group>"; };
		8C25F6AF0F204994002DE5C4 /* CoreFoundation.framework */ = {isa = PBXFileReference; lastKnownFileType = wrapper.framework; name = CoreFoundation.framework; path = System/Library/Frameworks/CoreFoundation.framework; sourceTree = SDKROOT; };
		8C25F7280F204E85002DE5C4 /* iPhoneUtilities.h */ = {isa = PBXFileReference; fileEncoding = 4; lastKnownFileType = sourcecode.c.h; name = iPhoneUtilities.h; path = Apple/iPhoneUtilities.h; sourceTree = "<group>"; };
		8C338C090F01FFC30086B860 /* SporadicM12Icon_Prerendered.png */ = {isa = PBXFileReference; lastKnownFileType = image.png; path = SporadicM12Icon_Prerendered.png; sourceTree = "<group>"; };
		8C48E6FB0F3BEB1B00790098 /* applause.caf */ = {isa = PBXFileReference; lastKnownFileType = file; path = applause.caf; sourceTree = "<group>"; };
		8C722F6D0F66B3D400C29079 /* main.mm */ = {isa = PBXFileReference; fileEncoding = 4; lastKnownFileType = sourcecode.cpp.objcpp; path = main.mm; sourceTree = "<group>"; };
		8C722FA40F66D2A900C29079 /* Images */ = {isa = PBXFileReference; lastKnownFileType = folder; path = Images; sourceTree = "<group>"; };
		8C78FF6B0EF5B0E3001C78B5 /* point.cc */ = {isa = PBXFileReference; fileEncoding = 4; lastKnownFileType = sourcecode.cpp.cpp; name = point.cc; path = /Users/jackie/Documents/Toolbox/PlatformIndependent/point.cc; sourceTree = "<absolute>"; };
		8C78FF6C0EF5B0E3001C78B5 /* point.h */ = {isa = PBXFileReference; fileEncoding = 4; lastKnownFileType = sourcecode.c.h; name = point.h; path = /Users/jackie/Documents/Toolbox/PlatformIndependent/point.h; sourceTree = "<absolute>"; };
		8C78FF6D0EF5B0E3001C78B5 /* rand_utils.c */ = {isa = PBXFileReference; fileEncoding = 4; lastKnownFileType = sourcecode.c.c; name = rand_utils.c; path = /Users/jackie/Documents/Toolbox/PlatformIndependent/rand_utils.c; sourceTree = "<absolute>"; };
		8C78FF6E0EF5B0E3001C78B5 /* rand_utils.h */ = {isa = PBXFileReference; fileEncoding = 4; lastKnownFileType = sourcecode.c.h; name = rand_utils.h; path = /Users/jackie/Documents/Toolbox/PlatformIndependent/rand_utils.h; sourceTree = "<absolute>"; };
		8C89C2070F141AEA004147B4 /* QuartzCore.framework */ = {isa = PBXFileReference; lastKnownFileType = wrapper.framework; name = QuartzCore.framework; path = System/Library/Frameworks/QuartzCore.framework; sourceTree = SDKROOT; };
		8C9623060F17B163006F0356 /* SimpleButtonHighlighted.png */ = {isa = PBXFileReference; lastKnownFileType = image.png; name = SimpleButtonHighlighted.png; path = Apple/Buttons/Resources/Images/SimpleButtonHighlighted.png; sourceTree = "<group>"; };
		8C96230C0F17B2AB006F0356 /* SimpleButtonNormal.png */ = {isa = PBXFileReference; lastKnownFileType = image.png; name = SimpleButtonNormal.png; path = Apple/Buttons/Resources/Images/SimpleButtonNormal.png; sourceTree = "<group>"; };
		8CA830570F09E84C00E2CD27 /* home.caf */ = {isa = PBXFileReference; lastKnownFileType = file; path = home.caf; sourceTree = "<group>"; };
		8CA830580F09E84C00E2CD27 /* restart.caf */ = {isa = PBXFileReference; lastKnownFileType = file; path = restart.caf; sourceTree = "<group>"; };
		8CA830590F09E84C00E2CD27 /* shake.caf */ = {isa = PBXFileReference; lastKnownFileType = file; path = shake.caf; sourceTree = "<group>"; };
		8CA8D5E40EEEE45E00287C1B /* AudioToolbox.framework */ = {isa = PBXFileReference; lastKnownFileType = wrapper.framework; name = AudioToolbox.framework; path = System/Library/Frameworks/AudioToolbox.framework; sourceTree = SDKROOT; };
		8CB4B2000F664DAB009E968A /* view.cc */ = {isa = PBXFileReference; fileEncoding = 4; lastKnownFileType = sourcecode.cpp.cpp; path = view.cc; sourceTree = "<group>"; };
		8CB4B2010F664DAB009E968A /* view.h */ = {isa = PBXFileReference; fileEncoding = 4; lastKnownFileType = sourcecode.c.h; path = view.h; sourceTree = "<group>"; };
		8CB4B3760F664DD1009E968A /* mathieu.h */ = {isa = PBXFileReference; fileEncoding = 4; lastKnownFileType = sourcecode.c.h; path = mathieu.h; sourceTree = "<group>"; };
		8CB4B3880F664DD1009E968A /* buttons.html */ = {isa = PBXFileReference; fileEncoding = 4; lastKnownFileType = text.html.documentation; path = buttons.html; sourceTree = "<group>"; };
		8CB4B3890F664DD1009E968A /* combo_buttons.html */ = {isa = PBXFileReference; fileEncoding = 4; lastKnownFileType = text.html.documentation; path = combo_buttons.html; sourceTree = "<group>"; };
		8CB4B38A0F664DD1009E968A /* error.html */ = {isa = PBXFileReference; fileEncoding = 4; lastKnownFileType = text.html.documentation; path = error.html; sourceTree = "<group>"; };
		8CB4B38B0F664DD1009E968A /* hints.html */ = {isa = PBXFileReference; fileEncoding = 4; lastKnownFileType = text.html.documentation; path = hints.html; sourceTree = "<group>"; };
		8CB4B3B00F664DD1009E968A /* index.html */ = {isa = PBXFileReference; fileEncoding = 4; lastKnownFileType = text.html.documentation; path = index.html; sourceTree = "<group>"; };
		8CB4B3B10F664DD1009E968A /* index_orig.html */ = {isa = PBXFileReference; fileEncoding = 4; lastKnownFileType = text.html.documentation; path = index_orig.html; sourceTree = "<group>"; };
		8CB4B3B20F664DD1009E968A /* moves_and_steps.html */ = {isa = PBXFileReference; fileEncoding = 4; lastKnownFileType = text.html.documentation; path = moves_and_steps.html; sourceTree = "<group>"; };
		8CB4B3B30F664DD1009E968A /* notes */ = {isa = PBXFileReference; fileEncoding = 4; lastKnownFileType = text; path = notes; sourceTree = "<group>"; };
		8CB4B3BD0F664DD1009E968A /* m12.cc */ = {isa = PBXFileReference; fileEncoding = 4; lastKnownFileType = sourcecode.cpp.cpp; path = m12.cc; sourceTree = "<group>"; };
		8CB4B3BE0F664DD1009E968A /* m12.h */ = {isa = PBXFileReference; fileEncoding = 4; lastKnownFileType = sourcecode.c.h; path = m12.h; sourceTree = "<group>"; };
		8CB4B48D0F664EE9009E968A /* spor_iphone_compressed.png */ = {isa = PBXFileReference; lastKnownFileType = image.png; path = spor_iphone_compressed.png; sourceTree = "<group>"; };
		8CB4B48E0F664EE9009E968A /* SporadicGamesLogo.png */ = {isa = PBXFileReference; lastKnownFileType = image.png; path = SporadicGamesLogo.png; sourceTree = "<group>"; };
		8CB4B4900F664EE9009E968A /* permutation */ = {isa = PBXFileReference; fileEncoding = 4; lastKnownFileType = text; path = permutation; sourceTree = "<group>"; };
		8CCFB4D80F45220100C78F94 /* ComboButton.h */ = {isa = PBXFileReference; fileEncoding = 4; lastKnownFileType = sourcecode.c.h; path = ComboButton.h; sourceTree = "<group>"; };
		8CCFB4D90F45220100C78F94 /* ComboButton.mm */ = {isa = PBXFileReference; fileEncoding = 4; lastKnownFileType = sourcecode.cpp.objcpp; path = ComboButton.mm; sourceTree = "<group>"; };
		8CCFB4DA0F45220100C78F94 /* ComboButtonTargetProtocol.h */ = {isa = PBXFileReference; fileEncoding = 4; lastKnownFileType = sourcecode.c.h; path = ComboButtonTargetProtocol.h; sourceTree = "<group>"; };
		8CCFB4DC0F45221500C78F94 /* ComboButtonDisabled.png */ = {isa = PBXFileReference; lastKnownFileType = image.png; path = ComboButtonDisabled.png; sourceTree = "<group>"; };
		8CCFB4F10F4523E700C78F94 /* combo.caf */ = {isa = PBXFileReference; lastKnownFileType = file; path = combo.caf; sourceTree = "<group>"; };
		8CCFB4F20F4523E700C78F94 /* combo_set.caf */ = {isa = PBXFileReference; lastKnownFileType = file; path = combo_set.caf; sourceTree = "<group>"; };
		8CCFC46F0EF6AC99001BE605 /* MainWindow.xib */ = {isa = PBXFileReference; lastKnownFileType = file.xib; path = MainWindow.xib; sourceTree = "<group>"; };
		8CCFC4730EF6AC99001BE605 /* swap.caf */ = {isa = PBXFileReference; lastKnownFileType = file; path = swap.caf; sourceTree = "<group>"; };
		8CCFC4740EF6AC99001BE605 /* tick.caf */ = {isa = PBXFileReference; lastKnownFileType = file; path = tick.caf; sourceTree = "<group>"; };
		8CCFC4750EF6AC99001BE605 /* tock.caf */ = {isa = PBXFileReference; lastKnownFileType = file; path = tock.caf; sourceTree = "<group>"; };
		8CCFC59F0EF715CE001BE605 /* PreferencesView.xib */ = {isa = PBXFileReference; lastKnownFileType = file.xib; path = PreferencesView.xib; sourceTree = "<group>"; };
		8CCFC5D90EF73419001BE605 /* RootViewController.h */ = {isa = PBXFileReference; fileEncoding = 4; lastKnownFileType = sourcecode.c.h; name = RootViewController.h; path = Classes/RootViewController.h; sourceTree = "<group>"; };
		8CCFC5DA0EF73419001BE605 /* RootViewController.mm */ = {isa = PBXFileReference; fileEncoding = 4; lastKnownFileType = sourcecode.cpp.objcpp; name = RootViewController.mm; path = Classes/RootViewController.mm; sourceTree = "<group>"; };
		8CCFC6700EF75D26001BE605 /* SporadicM12View.h */ = {isa = PBXFileReference; fileEncoding = 4; lastKnownFileType = sourcecode.c.h; path = SporadicM12View.h; sourceTree = "<group>"; };
		8CCFC6710EF75D26001BE605 /* SporadicM12View.mm */ = {isa = PBXFileReference; fileEncoding = 4; lastKnownFileType = sourcecode.cpp.objcpp; path = SporadicM12View.mm; sourceTree = "<group>"; };
		8CCFC7130EF76843001BE605 /* SporadicM12View.xib */ = {isa = PBXFileReference; lastKnownFileType = file.xib; path = SporadicM12View.xib; sourceTree = "<group>"; };
		8CCFC7F90EF77F72001BE605 /* Sporadic_Games_Logo.png */ = {isa = PBXFileReference; explicitFileType = image.png; path = Sporadic_Games_Logo.png; sourceTree = "<group>"; };
		8CD1E9AB0F66E7BB00122B2D /* Constants.h */ = {isa = PBXFileReference; fileEncoding = 4; lastKnownFileType = sourcecode.c.h; path = Constants.h; sourceTree = "<group>"; };
		8CD1E9AC0F66E7D300122B2D /* M12Constants.h */ = {isa = PBXFileReference; fileEncoding = 4; lastKnownFileType = sourcecode.c.h; name = M12Constants.h; path = Apple/M12Constants.h; sourceTree = "<group>"; };
		8CD1FA540F1686DE00A589B7 /* Utilities.h */ = {isa = PBXFileReference; fileEncoding = 4; lastKnownFileType = sourcecode.c.h; path = Utilities.h; sourceTree = "<group>"; };
		8CD1FA920F16AAE800A589B7 /* DualActionButton.h */ = {isa = PBXFileReference; fileEncoding = 4; lastKnownFileType = sourcecode.c.h; name = DualActionButton.h; path = Apple/Buttons/Classes/DualActionButton.h; sourceTree = "<group>"; };
		8CD1FA930F16AAE800A589B7 /* DualActionButton.m */ = {isa = PBXFileReference; fileEncoding = 4; lastKnownFileType = sourcecode.c.objc; name = DualActionButton.m; path = Apple/Buttons/Classes/DualActionButton.m; sourceTree = "<group>"; };
		8CD1FAA70F16AC4200A589B7 /* DualActionButtonAlternate.png */ = {isa = PBXFileReference; lastKnownFileType = image.png; name = DualActionButtonAlternate.png; path = Apple/Buttons/Resources/Images/DualActionButtonAlternate.png; sourceTree = "<group>"; };
		8CD1FAD80F16AF0800A589B7 /* SoundEffect.h */ = {isa = PBXFileReference; fileEncoding = 4; lastKnownFileType = sourcecode.c.h; path = SoundEffect.h; sourceTree = "<group>"; };
		8CD1FAD90F16AF0800A589B7 /* SoundEffect.m */ = {isa = PBXFileReference; fileEncoding = 4; lastKnownFileType = sourcecode.c.objc; path = SoundEffect.m; sourceTree = "<group>"; };
		8CD1FB010F171CC200A589B7 /* CanDisableButtonProtocol.h */ = {isa = PBXFileReference; fileEncoding = 4; lastKnownFileType = sourcecode.c.h; name = CanDisableButtonProtocol.h; path = Apple/Buttons/Classes/CanDisableButtonProtocol.h; sourceTree = "<group>"; };
		8CD1FB020F171CC200A589B7 /* DualActionButtonProtocol.h */ = {isa = PBXFileReference; fileEncoding = 4; lastKnownFileType = sourcecode.c.h; name = DualActionButtonProtocol.h; path = Apple/Buttons/Classes/DualActionButtonProtocol.h; sourceTree = "<group>"; };
		8CD1FB030F171CC200A589B7 /* SimpleButtonProtocol.h */ = {isa = PBXFileReference; fileEncoding = 4; lastKnownFileType = sourcecode.c.h; name = SimpleButtonProtocol.h; path = Apple/Buttons/Classes/SimpleButtonProtocol.h; sourceTree = "<group>"; };
		8CD1FB0E0F171EFE00A589B7 /* SimpleButton.h */ = {isa = PBXFileReference; fileEncoding = 4; lastKnownFileType = sourcecode.c.h; name = SimpleButton.h; path = Apple/Buttons/Classes/SimpleButton.h; sourceTree = "<group>"; };
		8CD1FB0F0F171EFE00A589B7 /* SimpleButton.m */ = {isa = PBXFileReference; fileEncoding = 4; lastKnownFileType = sourcecode.c.objc; name = SimpleButton.m; path = Apple/Buttons/Classes/SimpleButton.m; sourceTree = "<group>"; };
		8CDD35E50F0DB2C400FFEDEA /* HelpView.h */ = {isa = PBXFileReference; fileEncoding = 4; lastKnownFileType = sourcecode.c.h; name = HelpView.h; path = Classes/HelpView.h; sourceTree = "<group>"; };
		8CDD35E60F0DB2C400FFEDEA /* HelpView.mm */ = {isa = PBXFileReference; fileEncoding = 4; lastKnownFileType = sourcecode.cpp.objcpp; name = HelpView.mm; path = Classes/HelpView.mm; sourceTree = "<group>"; };
		8CDD35E70F0DB2C400FFEDEA /* HelpViewController.h */ = {isa = PBXFileReference; fileEncoding = 4; lastKnownFileType = sourcecode.c.h; name = HelpViewController.h; path = Classes/HelpViewController.h; sourceTree = "<group>"; };
		8CDD35E80F0DB2C400FFEDEA /* HelpViewController.mm */ = {isa = PBXFileReference; fileEncoding = 4; lastKnownFileType = sourcecode.cpp.objcpp; name = HelpViewController.mm; path = Classes/HelpViewController.mm; sourceTree = "<group>"; };
		8CDD35F50F0DBB8900FFEDEA /* HelpView.xib */ = {isa = PBXFileReference; lastKnownFileType = file.xib; path = HelpView.xib; sourceTree = "<group>"; };
		8CE277670EA505860013E8FA /* SporadicM12ViewController.h */ = {isa = PBXFileReference; fileEncoding = 4; lastKnownFileType = sourcecode.c.h; path = SporadicM12ViewController.h; sourceTree = "<group>"; };
		8CE277680EA505860013E8FA /* SporadicM12ViewController.mm */ = {isa = PBXFileReference; fileEncoding = 4; lastKnownFileType = sourcecode.cpp.objcpp; path = SporadicM12ViewController.mm; sourceTree = "<group>"; };
		8CEF9B8F0EAE49BC007B9E56 /* BallView.h */ = {isa = PBXFileReference; fileEncoding = 4; lastKnownFileType = sourcecode.c.h; path = BallView.h; sourceTree = "<group>"; };
		8CEF9B900EAE49BC007B9E56 /* BallView.mm */ = {isa = PBXFileReference; fileEncoding = 4; lastKnownFileType = sourcecode.cpp.objcpp; path = BallView.mm; sourceTree = "<group>"; };
		8CEF9F8F0EAFC04B007B9E56 /* GameModel.h */ = {isa = PBXFileReference; fileEncoding = 4; lastKnownFileType = sourcecode.c.h; path = GameModel.h; sourceTree = "<group>"; };
		8CEF9F900EAFC04B007B9E56 /* GameModel.mm */ = {isa = PBXFileReference; fileEncoding = 4; lastKnownFileType = sourcecode.cpp.objcpp; path = GameModel.mm; sourceTree = "<group>"; };
		8D1107310486CEB800E47090 /* Info.plist */ = {isa = PBXFileReference; fileEncoding = 4; lastKnownFileType = text.plist.xml; name = Info.plist; path = ../Info.plist; sourceTree = "<group>"; };
/* End PBXFileReference section */

/* Begin PBXFrameworksBuildPhase section */
		1D60588F0D05DD3D006BFB54 /* Frameworks */ = {
			isa = PBXFrameworksBuildPhase;
			buildActionMask = 2147483647;
			files = (
				1D60589F0D05DD5A006BFB54 /* Foundation.framework in Frameworks */,
				1DF5F4E00D08C38300B7A737 /* UIKit.framework in Frameworks */,
				288765FD0DF74451002DB57D /* CoreGraphics.framework in Frameworks */,
				8CA8D5E50EEEE45E00287C1B /* AudioToolbox.framework in Frameworks */,
				8C89C2080F141AEA004147B4 /* QuartzCore.framework in Frameworks */,
				8C25F6B00F204994002DE5C4 /* CoreFoundation.framework in Frameworks */,
			);
			runOnlyForDeploymentPostprocessing = 0;
		};
/* End PBXFrameworksBuildPhase section */

/* Begin PBXGroup section */
		080E96DDFE201D6D7F000001 /* SporadicM12 Side */ = {
			isa = PBXGroup;
			children = (
				8CCFB4D80F45220100C78F94 /* ComboButton.h */,
				8CCFB4D90F45220100C78F94 /* ComboButton.mm */,
				8CCFB4DA0F45220100C78F94 /* ComboButtonTargetProtocol.h */,
				8CEF9F8F0EAFC04B007B9E56 /* GameModel.h */,
				8CEF9F900EAFC04B007B9E56 /* GameModel.mm */,
				8CEF9B8F0EAE49BC007B9E56 /* BallView.h */,
				8CEF9B900EAE49BC007B9E56 /* BallView.mm */,
				8CCFC6700EF75D26001BE605 /* SporadicM12View.h */,
				8CCFC6710EF75D26001BE605 /* SporadicM12View.mm */,
				8CE277670EA505860013E8FA /* SporadicM12ViewController.h */,
				8CE277680EA505860013E8FA /* SporadicM12ViewController.mm */,
				8C1D2C8F0F24760E00C49C07 /* OKCancelAlertView.h */,
				8C1D2C900F24760E00C49C07 /* OKCancelAlertView.mm */,
			);
			name = "SporadicM12 Side";
			path = Classes;
			sourceTree = "<group>";
		};
		19C28FACFE9D520D11CA2CBB /* Products */ = {
			isa = PBXGroup;
			children = (
				1D6058910D05DD3D006BFB54 /* SporadicM12.app */,
			);
			name = Products;
			sourceTree = "<group>";
		};
		29B97314FDCFA39411CA2CEA /* CustomTemplate */ = {
			isa = PBXGroup;
			children = (
				8CB4B1040F664D74009E968A /* Mathieu */,
				8C78FF5F0EF5B0E3001C78B5 /* Toolbox */,
				29B97323FDCFA39411CA2CEA /* Frameworks */,
				19C28FACFE9D520D11CA2CBB /* Products */,
			);
			name = CustomTemplate;
			sourceTree = "<group>";
		};
		29B97323FDCFA39411CA2CEA /* Frameworks */ = {
			isa = PBXGroup;
			children = (
				8C25F6AF0F204994002DE5C4 /* CoreFoundation.framework */,
				8C89C2070F141AEA004147B4 /* QuartzCore.framework */,
				8CA8D5E40EEEE45E00287C1B /* AudioToolbox.framework */,
				1DF5F4DF0D08C38300B7A737 /* UIKit.framework */,
				1D30AB110D05D00D00671497 /* Foundation.framework */,
				288765FC0DF74451002DB57D /* CoreGraphics.framework */,
			);
			name = Frameworks;
			sourceTree = "<group>";
		};
		8C722F6C0F66B3D400C29079 /* Apple */ = {
			isa = PBXGroup;
			children = (
				8CD1E9AB0F66E7BB00122B2D /* Constants.h */,
				8C722F6D0F66B3D400C29079 /* main.mm */,
			);
			name = Apple;
			path = ../../Apple;
			sourceTree = SOURCE_ROOT;
		};
		8C78FF5F0EF5B0E3001C78B5 /* Toolbox */ = {
			isa = PBXGroup;
			children = (
				8CD1FA950F16ABAC00A589B7 /* Apple */,
				8C78FF670EF5B0E3001C78B5 /* PlatformIndependent */,
			);
			name = Toolbox;
			path = /Users/jackie/Documents/Toolbox;
			sourceTree = "<absolute>";
		};
		8C78FF670EF5B0E3001C78B5 /* PlatformIndependent */ = {
			isa = PBXGroup;
			children = (
				8CB4B48F0F664EE9009E968A /* Permutation */,
				8CB4B48C0F664EE9009E968A /* Images */,
				8C78FF6B0EF5B0E3001C78B5 /* point.cc */,
				8C78FF6C0EF5B0E3001C78B5 /* point.h */,
				8C78FF6D0EF5B0E3001C78B5 /* rand_utils.c */,
				8C78FF6E0EF5B0E3001C78B5 /* rand_utils.h */,
				8CD1FA540F1686DE00A589B7 /* Utilities.h */,
			);
			name = PlatformIndependent;
			path = /Users/jackie/Documents/Toolbox/PlatformIndependent;
			sourceTree = "<absolute>";
		};
		8CB4B1040F664D74009E968A /* Mathieu */ = {
			isa = PBXGroup;
			children = (
				8C722F6C0F66B3D400C29079 /* Apple */,
				8CB4B1FC0F664DAB009E968A /* PlatformIndependent */,
				8CB4B2C70F664DD1009E968A /* M12 */,
			);
			name = Mathieu;
			sourceTree = "<group>";
		};
		8CB4B1FC0F664DAB009E968A /* PlatformIndependent */ = {
			isa = PBXGroup;
			children = (
				8CB4B1FF0F664DAB009E968A /* View */,
			);
			name = PlatformIndependent;
			path = ../../PlatformIndependent;
			sourceTree = SOURCE_ROOT;
		};
		8CB4B1FF0F664DAB009E968A /* View */ = {
			isa = PBXGroup;
			children = (
				8CB4B2000F664DAB009E968A /* view.cc */,
				8CB4B2010F664DAB009E968A /* view.h */,
			);
			path = View;
			sourceTree = "<group>";
		};
		8CB4B2C70F664DD1009E968A /* M12 */ = {
			isa = PBXGroup;
			children = (
				8CD1E9AC0F66E7D300122B2D /* M12Constants.h */,
				8CCFC46C0EF6AB8B001BE605 /* Apple */,
				8CB4B3760F664DD1009E968A /* mathieu.h */,
				8CB4B3850F664DD1009E968A /* PlatformIndependent */,
			);
			name = M12;
			path = ..;
			sourceTree = SOURCE_ROOT;
		};
		8CB4B3850F664DD1009E968A /* PlatformIndependent */ = {
			isa = PBXGroup;
			children = (
				8CB4B3860F664DD1009E968A /* Documentation */,
				8CB4B3B50F664DD1009E968A /* Permutation */,
			);
			path = PlatformIndependent;
			sourceTree = "<group>";
		};
		8CB4B3860F664DD1009E968A /* Documentation */ = {
			isa = PBXGroup;
			children = (
				8CB4B3870F664DD1009E968A /* html */,
			);
			path = Documentation;
			sourceTree = "<group>";
		};
		8CB4B3870F664DD1009E968A /* html */ = {
			isa = PBXGroup;
			children = (
				8C722FA40F66D2A900C29079 /* Images */,
				8CB4B3880F664DD1009E968A /* buttons.html */,
				8CB4B3890F664DD1009E968A /* combo_buttons.html */,
				8CB4B38A0F664DD1009E968A /* error.html */,
				8CB4B38B0F664DD1009E968A /* hints.html */,
				8CB4B3B00F664DD1009E968A /* index.html */,
				8CB4B3B10F664DD1009E968A /* index_orig.html */,
				8CB4B3B20F664DD1009E968A /* moves_and_steps.html */,
				8CB4B3B30F664DD1009E968A /* notes */,
			);
			path = html;
			sourceTree = "<group>";
		};
		8CB4B3B50F664DD1009E968A /* Permutation */ = {
			isa = PBXGroup;
			children = (
				8CB4B3BD0F664DD1009E968A /* m12.cc */,
				8CB4B3BE0F664DD1009E968A /* m12.h */,
			);
			path = Permutation;
			sourceTree = "<group>";
		};
		8CB4B48C0F664EE9009E968A /* Images */ = {
			isa = PBXGroup;
			children = (
				8CB4B48D0F664EE9009E968A /* spor_iphone_compressed.png */,
				8CB4B48E0F664EE9009E968A /* SporadicGamesLogo.png */,
			);
			path = Images;
			sourceTree = "<group>";
		};
		8CB4B48F0F664EE9009E968A /* Permutation */ = {
			isa = PBXGroup;
			children = (
				8CB4B4900F664EE9009E968A /* permutation */,
			);
			path = Permutation;
			sourceTree = "<group>";
		};
		8CC1B29B0F152A6700682356 /* Buttons */ = {
			isa = PBXGroup;
			children = (
				8CD1FA960F16ABE700A589B7 /* Classes */,
				8CD1FAA40F16AC1700A589B7 /* Resources */,
			);
			name = Buttons;
			sourceTree = "<group>";
		};
		8CCFC46C0EF6AB8B001BE605 /* Apple */ = {
			isa = PBXGroup;
			children = (
				8CCFC6650EF75AC6001BE605 /* Application Main */,
				8CCFC6690EF75B01001BE605 /* Application Controllers */,
				080E96DDFE201D6D7F000001 /* SporadicM12 Side */,
				8CCFC6640EF75A7B001BE605 /* Preferences Side */,
				8CDD35CE0F0DB27300FFEDEA /* Help */,
				8CCFC46D0EF6AC99001BE605 /* Resources */,
			);
			path = Apple;
			sourceTree = "<group>";
		};
		8CCFC46D0EF6AC99001BE605 /* Resources */ = {
			isa = PBXGroup;
			children = (
				8CCFC7130EF76843001BE605 /* SporadicM12View.xib */,
				8CCFC46F0EF6AC99001BE605 /* MainWindow.xib */,
				8CCFC59F0EF715CE001BE605 /* PreferencesView.xib */,
				8CDD35F50F0DBB8900FFEDEA /* HelpView.xib */,
				8D1107310486CEB800E47090 /* Info.plist */,
				8CCFC65F0EF759A7001BE605 /* Images */,
				8CCFC4700EF6AC99001BE605 /* Sounds */,
			);
			path = Resources;
			sourceTree = "<group>";
		};
		8CCFC4700EF6AC99001BE605 /* Sounds */ = {
			isa = PBXGroup;
			children = (
				8CCFB4F10F4523E700C78F94 /* combo.caf */,
				8CCFB4F20F4523E700C78F94 /* combo_set.caf */,
				8C48E6FB0F3BEB1B00790098 /* applause.caf */,
				8C21B30D0F21B69A00FD4AE8 /* success.caf */,
				8CA830570F09E84C00E2CD27 /* home.caf */,
				8CA830580F09E84C00E2CD27 /* restart.caf */,
				8CA830590F09E84C00E2CD27 /* shake.caf */,
				8CCFC4730EF6AC99001BE605 /* swap.caf */,
				8CCFC4740EF6AC99001BE605 /* tick.caf */,
				8CCFC4750EF6AC99001BE605 /* tock.caf */,
			);
			path = Sounds;
			sourceTree = "<group>";
		};
		8CCFC65F0EF759A7001BE605 /* Images */ = {
			isa = PBXGroup;
			children = (
				8CCFB4DC0F45221500C78F94 /* ComboButtonDisabled.png */,
				8C338C090F01FFC30086B860 /* SporadicM12Icon_Prerendered.png */,
				8CCFC7F90EF77F72001BE605 /* Sporadic_Games_Logo.png */,
			);
			path = Images;
			sourceTree = "<group>";
		};
		8CCFC6640EF75A7B001BE605 /* Preferences Side */ = {
			isa = PBXGroup;
			children = (
				8C14A0C90EFC501600EB1BEF /* PreferencesView.h */,
				8C14A0CA0EFC501600EB1BEF /* PreferencesView.mm */,
				8C14A0CB0EFC501600EB1BEF /* PreferencesViewController.h */,
				8C14A0CC0EFC501600EB1BEF /* PreferencesViewController.mm */,
			);
			name = "Preferences Side";
			sourceTree = "<group>";
		};
		8CCFC6650EF75AC6001BE605 /* Application Main */ = {
			isa = PBXGroup;
			children = (
				32CA4F630368D1EE00C91783 /* SporadicM12_Prefix.pch */,
			);
			name = "Application Main";
			sourceTree = "<group>";
		};
		8CCFC6690EF75B01001BE605 /* Application Controllers */ = {
			isa = PBXGroup;
			children = (
				1D3623240D0F684500981E51 /* SporadicM12AppDelegate.h */,
				1D3623250D0F684500981E51 /* SporadicM12AppDelegate.mm */,
				8CCFC5D90EF73419001BE605 /* RootViewController.h */,
				8CCFC5DA0EF73419001BE605 /* RootViewController.mm */,
			);
			name = "Application Controllers";
			sourceTree = "<group>";
		};
		8CD1FA950F16ABAC00A589B7 /* Apple */ = {
			isa = PBXGroup;
			children = (
				8CC1B29B0F152A6700682356 /* Buttons */,
				8C25F7280F204E85002DE5C4 /* iPhoneUtilities.h */,
				8CD1FAD60F16AF0800A589B7 /* SoundEffect */,
			);
			name = Apple;
			sourceTree = "<group>";
		};
		8CD1FA960F16ABE700A589B7 /* Classes */ = {
			isa = PBXGroup;
			children = (
				8CD1FB0E0F171EFE00A589B7 /* SimpleButton.h */,
				8CD1FB0F0F171EFE00A589B7 /* SimpleButton.m */,
				8CD1FB010F171CC200A589B7 /* CanDisableButtonProtocol.h */,
				8CD1FB020F171CC200A589B7 /* DualActionButtonProtocol.h */,
				8CD1FB030F171CC200A589B7 /* SimpleButtonProtocol.h */,
				8CD1FA920F16AAE800A589B7 /* DualActionButton.h */,
				8CD1FA930F16AAE800A589B7 /* DualActionButton.m */,
			);
			name = Classes;
			sourceTree = "<group>";
		};
		8CD1FAA40F16AC1700A589B7 /* Resources */ = {
			isa = PBXGroup;
			children = (
				8CD1FAA50F16AC2900A589B7 /* Images */,
			);
			name = Resources;
			sourceTree = "<group>";
		};
		8CD1FAA50F16AC2900A589B7 /* Images */ = {
			isa = PBXGroup;
			children = (
				8C96230C0F17B2AB006F0356 /* SimpleButtonNormal.png */,
				8C9623060F17B163006F0356 /* SimpleButtonHighlighted.png */,
				8CD1FAA70F16AC4200A589B7 /* DualActionButtonAlternate.png */,
			);
			name = Images;
			sourceTree = "<group>";
		};
		8CD1FAD60F16AF0800A589B7 /* SoundEffect */ = {
			isa = PBXGroup;
			children = (
				8CD1FAD70F16AF0800A589B7 /* Classes */,
			);
			name = SoundEffect;
			path = Apple/SoundEffect;
			sourceTree = "<group>";
		};
		8CD1FAD70F16AF0800A589B7 /* Classes */ = {
			isa = PBXGroup;
			children = (
				8CD1FAD80F16AF0800A589B7 /* SoundEffect.h */,
				8CD1FAD90F16AF0800A589B7 /* SoundEffect.m */,
			);
			path = Classes;
			sourceTree = "<group>";
		};
		8CDD35CE0F0DB27300FFEDEA /* Help */ = {
			isa = PBXGroup;
			children = (
				8CDD35E50F0DB2C400FFEDEA /* HelpView.h */,
				8CDD35E60F0DB2C400FFEDEA /* HelpView.mm */,
				8CDD35E70F0DB2C400FFEDEA /* HelpViewController.h */,
				8CDD35E80F0DB2C400FFEDEA /* HelpViewController.mm */,
			);
			name = Help;
			sourceTree = "<group>";
		};
/* End PBXGroup section */

/* Begin PBXNativeTarget section */
		1D6058900D05DD3D006BFB54 /* SporadicM12 */ = {
			isa = PBXNativeTarget;
			buildConfigurationList = 1D6058960D05DD3E006BFB54 /* Build configuration list for PBXNativeTarget "SporadicM12" */;
			buildPhases = (
				1D60588D0D05DD3D006BFB54 /* Resources */,
				1D60588E0D05DD3D006BFB54 /* Sources */,
				1D60588F0D05DD3D006BFB54 /* Frameworks */,
			);
			buildRules = (
			);
			dependencies = (
			);
			name = SporadicM12;
			productName = SporadicM12;
			productReference = 1D6058910D05DD3D006BFB54 /* SporadicM12.app */;
			productType = "com.apple.product-type.application";
		};
/* End PBXNativeTarget section */

/* Begin PBXProject section */
		29B97313FDCFA39411CA2CEA /* Project object */ = {
			isa = PBXProject;
			buildConfigurationList = C01FCF4E08A954540054247B /* Build configuration list for PBXProject "SporadicM12" */;
			compatibilityVersion = "Xcode 3.1";
			hasScannedForEncodings = 1;
			mainGroup = 29B97314FDCFA39411CA2CEA /* CustomTemplate */;
			projectDirPath = "";
			projectRoot = "";
			targets = (
				1D6058900D05DD3D006BFB54 /* SporadicM12 */,
			);
		};
/* End PBXProject section */

/* Begin PBXResourcesBuildPhase section */
		1D60588D0D05DD3D006BFB54 /* Resources */ = {
			isa = PBXResourcesBuildPhase;
			buildActionMask = 2147483647;
			files = (
				8CCFC4780EF6AC99001BE605 /* MainWindow.xib in Resources */,
				8CCFC7140EF76843001BE605 /* SporadicM12View.xib in Resources */,
				8CCFC5A00EF715CE001BE605 /* PreferencesView.xib in Resources */,
				8CDD35F60F0DBB8900FFEDEA /* HelpView.xib in Resources */,
				8CCFC7FA0EF77F72001BE605 /* Sporadic_Games_Logo.png in Resources */,
				8C338C0A0F01FFC30086B860 /* SporadicM12Icon_Prerendered.png in Resources */,
				8C96230D0F17B2AB006F0356 /* SimpleButtonNormal.png in Resources */,
				8C9623080F17B163006F0356 /* SimpleButtonHighlighted.png in Resources */,
				8CD1FAAB0F16AC4200A589B7 /* DualActionButtonAlternate.png in Resources */,
				8CCFC47C0EF6AC99001BE605 /* tick.caf in Resources */,
				8CCFC47D0EF6AC99001BE605 /* tock.caf in Resources */,
				8CCFC47B0EF6AC99001BE605 /* swap.caf in Resources */,
				8CA8305A0F09E84C00E2CD27 /* home.caf in Resources */,
				8CA8305B0F09E84C00E2CD27 /* restart.caf in Resources */,
				8CA8305C0F09E84C00E2CD27 /* shake.caf in Resources */,
				8C21B30E0F21B69A00FD4AE8 /* success.caf in Resources */,
				8C48E6FC0F3BEB1B00790098 /* applause.caf in Resources */,
				8CCFB4DD0F45221500C78F94 /* ComboButtonDisabled.png in Resources */,
				8CCFB4F30F4523E700C78F94 /* combo.caf in Resources */,
				8CCFB4F40F4523E700C78F94 /* combo_set.caf in Resources */,
				8CB4B4470F664DD1009E968A /* buttons.html in Resources */,
				8CB4B4480F664DD1009E968A /* combo_buttons.html in Resources */,
				8CB4B4490F664DD1009E968A /* error.html in Resources */,
				8CB4B44A0F664DD1009E968A /* hints.html in Resources */,
				8CB4B46E0F664DD1009E968A /* index.html in Resources */,
				8CB4B46F0F664DD1009E968A /* index_orig.html in Resources */,
				8CB4B4700F664DD1009E968A /* moves_and_steps.html in Resources */,
				8CB4B4710F664DD1009E968A /* notes in Resources */,
				8CB4B4940F664EE9009E968A /* spor_iphone_compressed.png in Resources */,
				8CB4B4950F664EE9009E968A /* SporadicGamesLogo.png in Resources */,
				8CB4B4960F664EE9009E968A /* permutation in Resources */,
				8C722FC90F66D2A900C29079 /* Images in Resources */,
			);
			runOnlyForDeploymentPostprocessing = 0;
		};
/* End PBXResourcesBuildPhase section */

/* Begin PBXSourcesBuildPhase section */
		1D60588E0D05DD3D006BFB54 /* Sources */ = {
			isa = PBXSourcesBuildPhase;
			buildActionMask = 2147483647;
			files = (
				1D3623260D0F684500981E51 /* SporadicM12AppDelegate.mm in Sources */,
				8CE277690EA505860013E8FA /* SporadicM12ViewController.mm in Sources */,
				8CEF9B910EAE49BC007B9E56 /* BallView.mm in Sources */,
				8CEF9F910EAFC04B007B9E56 /* GameModel.mm in Sources */,
				8C78FF730EF5B0E3001C78B5 /* point.cc in Sources */,
				8C78FF740EF5B0E3001C78B5 /* rand_utils.c in Sources */,
				8CCFC5DB0EF73419001BE605 /* RootViewController.mm in Sources */,
				8CCFC6720EF75D26001BE605 /* SporadicM12View.mm in Sources */,
				8C14A0CD0EFC501600EB1BEF /* PreferencesView.mm in Sources */,
				8C14A0CE0EFC501600EB1BEF /* PreferencesViewController.mm in Sources */,
				8CDD35E90F0DB2C400FFEDEA /* HelpView.mm in Sources */,
				8CDD35EA0F0DB2C400FFEDEA /* HelpViewController.mm in Sources */,
				8CD1FA940F16AAE800A589B7 /* DualActionButton.m in Sources */,
				8CD1FADA0F16AF0800A589B7 /* SoundEffect.m in Sources */,
				8CD1FB100F171EFE00A589B7 /* SimpleButton.m in Sources */,
				8C1D2C910F24760E00C49C07 /* OKCancelAlertView.mm in Sources */,
				8CCFB4DB0F45220100C78F94 /* ComboButton.mm in Sources */,
				8CB4B2BA0F664DAB009E968A /* view.cc in Sources */,
				8CB4B47A0F664DD1009E968A /* m12.cc in Sources */,
				8C722F6E0F66B3D400C29079 /* main.mm in Sources */,
			);
			runOnlyForDeploymentPostprocessing = 0;
		};
/* End PBXSourcesBuildPhase section */

/* Begin XCBuildConfiguration section */
		1D6058940D05DD3E006BFB54 /* Debug */ = {
			isa = XCBuildConfiguration;
			buildSettings = {
				ALWAYS_SEARCH_USER_PATHS = NO;
				"CODE_SIGN_IDENTITY[sdk=iphoneos*]" = "iPhone Developer: Jacqueline Marks";
				COPY_PHASE_STRIP = NO;
				DEAD_CODE_STRIPPING = NO;
				GCC_DYNAMIC_NO_PIC = NO;
				GCC_OPTIMIZATION_LEVEL = 0;
				GCC_PRECOMPILE_PREFIX_HEADER = YES;
				GCC_PREFIX_HEADER = SporadicM12_Prefix.pch;
				HEADER_SEARCH_PATHS = "../PlatformIndependent/**";
				INFOPLIST_FILE = Info.plist;
				PRODUCT_NAME = SporadicM12;
				"PROVISIONING_PROFILE[sdk=iphoneos*]" = "21786647-75E6-4329-874F-07D1792F82C8";
			};
			name = Debug;
		};
		1D6058950D05DD3E006BFB54 /* Release */ = {
			isa = XCBuildConfiguration;
			buildSettings = {
				ALWAYS_SEARCH_USER_PATHS = NO;
				"CODE_SIGN_IDENTITY[sdk=iphoneos*]" = "iPhone Developer: Jacqueline Marks";
				COPY_PHASE_STRIP = YES;
				GCC_PRECOMPILE_PREFIX_HEADER = YES;
				GCC_PREFIX_HEADER = SporadicM12_Prefix.pch;
				HEADER_SEARCH_PATHS = "../PlatformIndependent/**";
				INFOPLIST_FILE = Info.plist;
				PRODUCT_NAME = SporadicM12;
				"PROVISIONING_PROFILE[sdk=iphoneos*]" = "21786647-75E6-4329-874F-07D1792F82C8";
			};
			name = Release;
		};
		C01FCF4F08A954540054247B /* Debug */ = {
			isa = XCBuildConfiguration;
			buildSettings = {
				ARCHS = "$(ARCHS_STANDARD_32_BIT)";
				"CODE_SIGN_IDENTITY[sdk=iphoneos*]" = "iPhone Developer: Jacqueline Marks";
				GCC_C_LANGUAGE_STANDARD = c99;
				GCC_OPTIMIZATION_LEVEL = 0;
				GCC_WARN_ABOUT_RETURN_TYPE = YES;
				GCC_WARN_UNUSED_VARIABLE = YES;
				ONLY_ACTIVE_ARCH = YES;
				PREBINDING = NO;
				"PROVISIONING_PROFILE[sdk=iphoneos*]" = "21786647-75E6-4329-874F-07D1792F82C8";
				SDKROOT = iphoneos2.0;
				USER_HEADER_SEARCH_PATHS = "~/Documents/Toolbox/**";
			};
			name = Debug;
		};
		C01FCF5008A954540054247B /* Release */ = {
			isa = XCBuildConfiguration;
			buildSettings = {
				ARCHS = "$(ARCHS_STANDARD_32_BIT)";
				"CODE_SIGN_IDENTITY[sdk=iphoneos*]" = "iPhone Developer: Jacqueline Marks";
				GCC_C_LANGUAGE_STANDARD = c99;
				GCC_OPTIMIZATION_LEVEL = 3;
				GCC_THUMB_SUPPORT = NO;
				GCC_WARN_ABOUT_RETURN_TYPE = YES;
				GCC_WARN_UNUSED_VARIABLE = YES;
				PREBINDING = NO;
				"PROVISIONING_PROFILE[sdk=iphoneos*]" = "21786647-75E6-4329-874F-07D1792F82C8";
				SDKROOT = iphoneos2.0;
				USER_HEADER_SEARCH_PATHS = "~/Documents/Toolbox/**";
			};
			name = Release;
		};
/* End XCBuildConfiguration section */

/* Begin XCConfigurationList section */
		1D6058960D05DD3E006BFB54 /* Build configuration list for PBXNativeTarget "SporadicM12" */ = {
			isa = XCConfigurationList;
			buildConfigurations = (
				1D6058940D05DD3E006BFB54 /* Debug */,
				1D6058950D05DD3E006BFB54 /* Release */,
			);
			defaultConfigurationIsVisible = 0;
			defaultConfigurationName = Release;
		};
		C01FCF4E08A954540054247B /* Build configuration list for PBXProject "SporadicM12" */ = {
			isa = XCConfigurationList;
			buildConfigurations = (
				C01FCF4F08A954540054247B /* Debug */,
				C01FCF5008A954540054247B /* Release */,
			);
			defaultConfigurationIsVisible = 0;
			defaultConfigurationName = Release;
		};
/* End XCConfigurationList section */
	};
	rootObject = 29B97313FDCFA39411CA2CEA /* Project object */;
}
